#MicroXplorer Configuration settings - do not modify
ADC1.Channel-0\#ChannelRegularConversion=ADC_CHANNEL_4
ADC1.CommonPathInternal=null|null|null|null
ADC1.DMAContinuousRequests=ENABLE
ADC1.DataAlign=ADC_DATAALIGN_LEFT
ADC1.ExternalTrigConv=ADC_EXTERNALTRIG_HRTIM_TRG1
ADC1.IPParameters=Rank-0\#ChannelRegularConversion,Channel-0\#ChannelRegularConversion,SamplingTime-0\#ChannelRegularConversion,OffsetNumber-0\#ChannelRegularConversion,NbrOfConversionFlag,ExternalTrigConv,Overrun,DataAlign,Offset-0\#ChannelRegularConversion,DMAContinuousRequests,master,CommonPathInternal
ADC1.IPParametersWithoutCheck=Offset-0\#ChannelRegularConversion
ADC1.NbrOfConversionFlag=1
ADC1.Offset-0\#ChannelRegularConversion=REF
ADC1.OffsetNumber-0\#ChannelRegularConversion=ADC_OFFSET_1
ADC1.Overrun=ADC_OVR_DATA_OVERWRITTEN
ADC1.Rank-0\#ChannelRegularConversion=1
ADC1.SamplingTime-0\#ChannelRegularConversion=ADC_SAMPLETIME_2CYCLES_5
ADC1.master=1
CAD.formats=
CAD.pinconfig=
CAD.provider=
COMP6.Hysteresis=COMP_HYSTERESIS_NONE
COMP6.IPParameters=OutputPol,Hysteresis
COMP6.OutputPol=COMP_OUTPUTPOL_INVERTED
DAC4.DAC_Channel-DAC_OUT2_Int=DAC_CHANNEL_2
DAC4.DAC_Trigger2_OUT2-DAC_OUT2_Int=DAC_TRIGGER_HRTIM_STEP_TRG3
DAC4.DAC_Trigger_OUT2-DAC_OUT2_Int=DAC_TRIGGER_HRTIM_RST_TRG3
DAC4.IPParameters=DAC_Channel-DAC_OUT2_Int,DAC_Trigger_OUT2-DAC_OUT2_Int,DAC_Trigger2_OUT2-DAC_OUT2_Int,WaveGeneration_OUT2-DAC_OUT2_Int,ResetDataSawtooth2-DAC_OUT2_Int,StepDataSawtooth2-DAC_OUT2_Int
DAC4.ResetDataSawtooth2-DAC_OUT2_Int=4000
DAC4.StepDataSawtooth2-DAC_OUT2_Int=66
DAC4.WaveGeneration_OUT2-DAC_OUT2_Int=SawtoothWaveGenerate
Dma.ADC1.0.Direction=DMA_PERIPH_TO_MEMORY
Dma.ADC1.0.EventEnable=DISABLE
Dma.ADC1.0.Instance=DMA1_Channel1
Dma.ADC1.0.MemDataAlignment=DMA_MDATAALIGN_WORD
Dma.ADC1.0.MemInc=DMA_MINC_DISABLE
Dma.ADC1.0.Mode=DMA_CIRCULAR
Dma.ADC1.0.PeriphDataAlignment=DMA_PDATAALIGN_WORD
Dma.ADC1.0.PeriphInc=DMA_PINC_DISABLE
Dma.ADC1.0.Polarity=HAL_DMAMUX_REQ_GEN_RISING
Dma.ADC1.0.Priority=DMA_PRIORITY_LOW
Dma.ADC1.0.RequestNumber=1
Dma.ADC1.0.RequestParameters=Instance,Direction,PeriphInc,MemInc,PeriphDataAlignment,MemDataAlignment,Mode,Priority,SignalID,Polarity,RequestNumber,SyncSignalID,SyncPolarity,SyncEnable,EventEnable,SyncRequestNumber
Dma.ADC1.0.SignalID=HAL_DMAMUX1_REQ_GEN_EXTI2
Dma.ADC1.0.SyncEnable=DISABLE
Dma.ADC1.0.SyncPolarity=HAL_DMAMUX_SYNC_NO_EVENT
Dma.ADC1.0.SyncRequestNumber=1
Dma.ADC1.0.SyncSignalID=NONE
Dma.Request0=ADC1
Dma.RequestsNb=1
File.Version=6
HRTIM1.ADCTrigger1_Source1=HRTIM_ADCTRIGGEREVENT13_TIMERC_CMP3
HRTIM1.ADCTrigger_Id1=HRTIM_ADCTRIGGER_1
HRTIM1.CompareUnit1-Output_TC1TC2=HRTIM_COMPAREUNIT_1
HRTIM1.CompareUnit2-Output_TC1TC2=HRTIM_COMPAREUNIT_2
HRTIM1.CompareUnit3-Output_TC1TC2=HRTIM_COMPAREUNIT_3
HRTIM1.CompareUnit4-Output_TC1TC2=HRTIM_COMPAREUNIT_4
HRTIM1.CompareValue1-Output_TC1TC2=21760
HRTIM1.CompareValue2-Output_TC1TC2=1000
HRTIM1.CompareValue3-Output_TC1TC2=2720
HRTIM1.CompareValue4-Output_TC1TC2=1088
HRTIM1.DeadTimeInsertion-Output_TC1TC2=HRTIM_TIMDEADTIMEINSERTION_ENABLED
HRTIM1.DualChannelDacEnableFake_TC-Output_TC1TC2=HRTIM_TIMER_DCDE_ENABLED_FAKE1
HRTIM1.Event3-Output_TC1TC2=HRTIM_EVENT_3
HRTIM1.Event_EEV3=HRTIM_EVENT_3
HRTIM1.FallingValue-Output_TC1TC2=300
HRTIM1.FaultLevel1-Output_TC1TC2=HRTIM_OUTPUTFAULTLEVEL_INACTIVE
HRTIM1.Fault_Line1=__NULL
HRTIM1.Filter3-Output_TC1TC2=HRTIM_TIMEEVFLT_BLANKINGCMP3
HRTIM1.IPParameters=Periode_TC,ADCTrigger_Id1,NumberADCTriggerSource1,ADCTrigger1_Source1,Event_EEV3,Fault_Line1,DeadTimeInsertion-Output_TC1TC2,RisingValue-Output_TC1TC2,FallingValue-Output_TC1TC2,NumberSetSource1-Output_TC1TC2,CompareUnit1-Output_TC1TC2,CompareValue1-Output_TC1TC2,CompareUnit2-Output_TC1TC2,CompareValue2-Output_TC1TC2,CompareUnit3-Output_TC1TC2,CompareValue3-Output_TC1TC2,CompareUnit4-Output_TC1TC2,CompareValue4-Output_TC1TC2,SetOutput1_Source1-Output_TC1TC2,NumberResetSource1-Output_TC1TC2,ResetOutput1_Source1-Output_TC1TC2,Event3-Output_TC1TC2,Filter3-Output_TC1TC2,ResetOutput1_Source2-Output_TC1TC2,FaultLevel1-Output_TC1TC2,DualChannelDacEnableFake_TC-Output_TC1TC2
HRTIM1.NumberADCTriggerSource1=1
HRTIM1.NumberResetSource1-Output_TC1TC2=2
HRTIM1.NumberSetSource1-Output_TC1TC2=1
HRTIM1.Periode_TC=27200
HRTIM1.ResetOutput1_Source1-Output_TC1TC2=HRTIM_OUTPUTRESET_TIMCMP1
HRTIM1.ResetOutput1_Source2-Output_TC1TC2=HRTIM_OUTPUTRESET_EEV_3
HRTIM1.RisingValue-Output_TC1TC2=75
HRTIM1.SetOutput1_Source1-Output_TC1TC2=HRTIM_OUTPUTSET_TIMCMP4
KeepUserPlacement=true
Mcu.CPN=STM32G474RET6
Mcu.Family=STM32G4
Mcu.IP0=ADC1
Mcu.IP1=COMP6
Mcu.IP10=SYS
Mcu.IP2=DAC4
Mcu.IP3=DMA
Mcu.IP4=FMAC
Mcu.IP5=HRTIM1
Mcu.IP6=NVIC
Mcu.IP7=OPAMP5
Mcu.IP8=RCC
Mcu.IP9=RTC
Mcu.IPNb=11
Mcu.Name=STM32G474R(B-C-E)Tx
Mcu.Package=LQFP64
Mcu.Pin0=PC13
Mcu.Pin1=PC14-OSC32_IN
Mcu.Pin10=PB2
Mcu.Pin11=PB10
Mcu.Pin12=PB11
Mcu.Pin13=PB12
Mcu.Pin14=PB13
Mcu.Pin15=PB14
Mcu.Pin16=PB15
Mcu.Pin17=PA8
Mcu.Pin18=PA10
Mcu.Pin19=PA13
Mcu.Pin2=PC15-OSC32_OUT
Mcu.Pin20=PA14
Mcu.Pin21=PA15
Mcu.Pin22=PC10
Mcu.Pin23=PC11
Mcu.Pin24=PB3
Mcu.Pin25=PB5
Mcu.Pin26=PB7
Mcu.Pin27=PB9
Mcu.Pin28=VP_COMP6_VS_DAC4OUT2
Mcu.Pin29=VP_DAC4_VS_DACI2
Mcu.Pin3=PC3
Mcu.Pin30=VP_FMAC_VS_FMAC
Mcu.Pin31=VP_RTC_VS_RTC_Activate
Mcu.Pin32=VP_SYS_VS_Systick
Mcu.Pin33=VP_SYS_VS_DBSignals
Mcu.Pin4=PA1
Mcu.Pin5=PA2
Mcu.Pin6=PA3
Mcu.Pin7=PC4
Mcu.Pin8=PC5
Mcu.Pin9=PB1
Mcu.PinsNb=34
Mcu.ThirdPartyNb=0
Mcu.UserConstants=
Mcu.UserName=STM32G474RETx
MxCube.Version=6.10.0
MxDb.Version=DB.6.0.100
NVIC.ADC1_2_IRQn=true\:0\:0\:false\:false\:true\:true\:false\:true
NVIC.BusFault_IRQn=true\:0\:0\:false\:false\:true\:false\:false\:false
NVIC.DMA1_Channel1_IRQn=true\:0\:0\:false\:false\:false\:false\:false\:true
NVIC.DebugMonitor_IRQn=true\:0\:0\:false\:false\:true\:false\:false\:false
NVIC.EXTI15_10_IRQn=true\:0\:0\:false\:false\:true\:true\:true\:true
NVIC.EXTI2_IRQn=true\:0\:0\:false\:false\:true\:true\:true\:true
NVIC.EXTI4_IRQn=true\:0\:0\:false\:false\:true\:true\:true\:true
NVIC.EXTI9_5_IRQn=true\:0\:0\:false\:false\:true\:true\:true\:true
NVIC.FMAC_IRQn=true\:0\:0\:false\:false\:true\:true\:false\:true
NVIC.ForceEnableDMAVector=true
NVIC.HardFault_IRQn=true\:0\:0\:false\:false\:true\:false\:false\:false
NVIC.MemoryManagement_IRQn=true\:0\:0\:false\:false\:true\:false\:false\:false
NVIC.NonMaskableInt_IRQn=true\:0\:0\:false\:false\:true\:false\:false\:false
NVIC.PendSV_IRQn=true\:0\:0\:false\:false\:true\:false\:false\:false
NVIC.PriorityGroup=NVIC_PRIORITYGROUP_4
NVIC.SVCall_IRQn=true\:0\:0\:false\:false\:true\:false\:false\:false
NVIC.SysTick_IRQn=true\:0\:0\:false\:false\:true\:false\:false\:false
NVIC.UsageFault_IRQn=true\:0\:0\:false\:false\:true\:false\:false\:false
PA1.GPIOParameters=GPIO_Label
PA1.GPIO_Label=BUCKBOOST VIN
PA1.Locked=true
PA1.Signal=ADC1_IN2
PA10.Locked=true
PA10.Mode=ExternalOutput
PA10.Signal=COMP6_OUT
PA13.GPIOParameters=GPIO_Label
PA13.GPIO_Label=T_SWDIO
PA13.Locked=true
PA13.Mode=Trace_Asynchronous_SW
PA13.Signal=SYS_JTMS-SWDIO
PA14.GPIOParameters=GPIO_Label
PA14.GPIO_Label=T_SWCLK
PA14.Locked=true
PA14.Mode=Trace_Asynchronous_SW
PA14.Signal=SYS_JTCK-SWCLK
PA15.GPIOParameters=GPIO_PuPd,GPIO_Label
PA15.GPIO_Label=LED_DOWN_BLUE
PA15.GPIO_PuPd=GPIO_NOPULL
PA15.Locked=true
PA15.Signal=GPIO_Output
PA2.GPIOParameters=GPIO_Label
PA2.GPIO_Label=BUCKBOOST I IN AVG
PA2.Locked=true
PA2.Signal=ADC1_IN3
PA3.GPIOParameters=GPIO_Label
PA3.GPIO_Label=BUCKBOOST VOUT
PA3.Locked=true
PA3.Mode=IN4-Single-Ended
PA3.Signal=ADC1_IN4
PA8.Mode=Follower-DAC_OUT2-INP
PA8.Signal=OPAMP5_VOUT
PB1.GPIOParameters=GPIO_PuPd,GPIO_Label
PB1.GPIO_Label=LED_LEFT_ORANGE
PB1.GPIO_PuPd=GPIO_NOPULL
PB1.Locked=true
PB1.Signal=GPIO_Output
PB10.GPIOParameters=GPIO_PuPd,GPIO_Label
PB10.GPIO_Label=JOYSTICK UP
PB10.GPIO_PuPd=GPIO_PULLUP
PB10.Locked=true
PB10.Signal=GPXTI10
PB11.GPIOParameters=GPIO_Label
PB11.GPIO_Label=BUCKBOOST_I_IN_SENSE
PB11.Locked=true
PB11.Mode=INP
PB11.Signal=COMP6_INP
PB12.GPIOParameters=GPIO_Label
PB12.GPIO_Label=BUCKBOOST P1 DRIVE
PB12.Locked=true
PB12.Mode=Output_TC1TC2
PB12.Signal=HRTIM1_CHC1
PB13.GPIOParameters=GPIO_Label
PB13.GPIO_Label=BUCKBOOST N1 DRIVE
PB13.Locked=true
PB13.Mode=Output_TC1TC2
PB13.Signal=HRTIM1_CHC2
PB14.GPIOParameters=GPIO_Label
PB14.GPIO_Label=BUCKBOOST N2 DRIVE
PB14.Locked=true
PB14.Signal=GPIO_Output
PB15.GPIOParameters=GPIO_Label
PB15.GPIO_Label=BUCKBOOST P2 DRIVE
PB15.Locked=true
PB15.Signal=GPIO_Output
PB2.GPIOParameters=GPIO_PuPd,GPIO_Label,GPIO_ModeDefaultEXTI
PB2.GPIO_Label=JOYSTICK RIGHT
PB2.GPIO_ModeDefaultEXTI=GPIO_MODE_IT_RISING
PB2.GPIO_PuPd=GPIO_PULLUP
PB2.Locked=true
PB2.Signal=GPXTI2
PB3.GPIOParameters=GPIO_Label
PB3.GPIO_Label=T_SWO
PB3.Locked=true
PB3.Mode=Trace_Asynchronous_SW
PB3.Signal=SYS_JTDO-SWO
PB5.GPIOParameters=GPIO_PuPd,GPIO_Label
PB5.GPIO_Label=LED_UP_RED
PB5.GPIO_PuPd=GPIO_NOPULL
PB5.Locked=true
PB5.Signal=GPIO_Output
PB7.GPIOParameters=GPIO_PuPd,GPIO_Label
PB7.GPIO_Label=LED_RIGHT_GREEN
PB7.GPIO_PuPd=GPIO_NOPULL
PB7.Locked=true
PB7.Signal=GPIO_Output
PB9.GPIOParameters=GPIO_Speed,GPIO_Label
PB9.GPIO_Label=GPO1
PB9.GPIO_Speed=GPIO_SPEED_FREQ_VERY_HIGH
PB9.Locked=true
PB9.Signal=GPIO_Output
PC10.Locked=true
PC10.Signal=USART3_TX
PC11.Locked=true
PC11.Signal=USART3_RX
PC13.GPIOParameters=GPIO_PuPd,GPIO_Label
PC13.GPIO_Label=JOYSTICK SELECT
PC13.GPIO_PuPd=GPIO_PULLUP
PC13.Locked=true
PC13.Signal=GPXTI13
PC14-OSC32_IN.GPIOParameters=GPIO_Label
PC14-OSC32_IN.GPIO_Label=BUCKBOOST LOAD 1
PC14-OSC32_IN.Locked=true
PC14-OSC32_IN.Signal=GPIO_Output
PC15-OSC32_OUT.GPIOParameters=GPIO_Label
PC15-OSC32_OUT.GPIO_Label=BUCKBOOST LOAD 2
PC15-OSC32_OUT.Locked=true
PC15-OSC32_OUT.Signal=GPIO_Output
PC3.GPIOParameters=PinState,GPIO_Label
PC3.GPIO_Label=BUCKBOOST USBPD EN
PC3.Locked=true
PC3.PinState=GPIO_PIN_SET
PC3.Signal=GPIO_Output
PC4.GPIOParameters=GPIO_PuPd,GPIO_Label
PC4.GPIO_Label=JOYSTICK LEFT
PC4.GPIO_PuPd=GPIO_PULLUP
PC4.Locked=true
PC4.Signal=GPXTI4
PC5.GPIOParameters=GPIO_PuPd,GPIO_Label
PC5.GPIO_Label=JOYSTICK DOWN
PC5.GPIO_PuPd=GPIO_PULLUP
PC5.Locked=true
PC5.Signal=GPXTI5
PinOutPanel.RotationAngle=0
ProjectManager.AskForMigrate=true
ProjectManager.BackupPrevious=false
ProjectManager.CompilerOptimize=6
ProjectManager.ComputerToolchain=false
ProjectManager.CoupleFile=false
ProjectManager.DeletePrevious=true
ProjectManager.DeviceId=STM32G474RETx
ProjectManager.FreePins=false
ProjectManager.HalAssertFull=false
ProjectManager.HeapSize=0x200
ProjectManager.KeepUserCode=true
ProjectManager.LastFirmware=true
ProjectManager.LibraryCopy=2
ProjectManager.MainLocation=Src
ProjectManager.NoMain=false
ProjectManager.PreviousToolchain=
ProjectManager.ProjectBuild=false
ProjectManager.ProjectFileName=Buck_CurrentMode_HW.ioc
ProjectManager.ProjectName=Buck_CurrentMode_HW
ProjectManager.ProjectStructure=
ProjectManager.RegisterCallBack=
ProjectManager.StackSize=0x400
ProjectManager.TargetToolchain=EWARM V8.32
ProjectManager.ToolChainLocation=
ProjectManager.UAScriptAfterPath=
ProjectManager.UAScriptBeforePath=
ProjectManager.UnderRoot=false
ProjectManager.functionlistsort=1-MX_GPIO_Init-GPIO-false-HAL-true,2-MX_DMA_Init-DMA-false-HAL-true,3-SystemClock_Config-RCC-false-HAL-false,4-MX_RTC_Init-RTC-false-HAL-true,5-MX_ADC1_Init-ADC1-false-HAL-true,6-MX_HRTIM1_Init-HRTIM1-false-HAL-true,7-MX_FMAC_Init-FMAC-false-HAL-true,8-MX_COMP6_Init-COMP6-false-HAL-true,9-MX_DAC4_Init-DAC4-false-HAL-true,10-MX_OPAMP5_Init-OPAMP5-false-HAL-true
RCC.ADC12CLockSelection=RCC_ADC12CLKSOURCE_PLL
RCC.ADC12Freq_Value=56666666.666666664
RCC.ADC345Freq_Value=170000000
RCC.AHBFreq_Value=170000000
RCC.APB1Freq_Value=170000000
RCC.APB1TimFreq_Value=170000000
RCC.APB2Freq_Value=170000000
RCC.APB2TimFreq_Value=170000000
RCC.CRSFreq_Value=48000000
RCC.CortexFreq_Value=170000000
RCC.EXTERNAL_CLOCK_VALUE=12288000
RCC.FCLKCortexFreq_Value=170000000
RCC.FDCANFreq_Value=170000000
RCC.FamilyName=M
RCC.HCLKFreq_Value=170000000
RCC.HSE_VALUE=24000000
RCC.HSI48_VALUE=48000000
RCC.HSI_VALUE=16000000
RCC.I2C1Freq_Value=170000000
RCC.I2C2Freq_Value=170000000
RCC.I2C3Freq_Value=170000000
RCC.I2C4Freq_Value=170000000
RCC.I2SFreq_Value=170000000
RCC.IPParameters=ADC12CLockSelection,ADC12Freq_Value,ADC345Freq_Value,AHBFreq_Value,APB1Freq_Value,APB1TimFreq_Value,APB2Freq_Value,APB2TimFreq_Value,CRSFreq_Value,CortexFreq_Value,EXTERNAL_CLOCK_VALUE,FCLKCortexFreq_Value,FDCANFreq_Value,FamilyName,HCLKFreq_Value,HSE_VALUE,HSI48_VALUE,HSI_VALUE,I2C1Freq_Value,I2C2Freq_Value,I2C3Freq_Value,I2C4Freq_Value,I2SFreq_Value,LPTIM1Freq_Value,LPUART1Freq_Value,LSCOPinFreq_Value,LSE_VALUE,LSI_VALUE,MCO1PinFreq_Value,PLLM,PLLN,PLLP,PLLPoutputFreq_Value,PLLQoutputFreq_Value,PLLRCLKFreq_Value,PWRFreq_Value,QSPIFreq_Value,RNGFreq_Value,RTCFreq_Value,SAI1Freq_Value,SYSCLKFreq_VALUE,SYSCLKSource,UART4Freq_Value,UART5Freq_Value,USART1Freq_Value,USART2Freq_Value,USART3Freq_Value,USBFreq_Value,VCOInputFreq_Value,VCOOutputFreq_Value
RCC.LPTIM1Freq_Value=170000000
RCC.LPUART1Freq_Value=170000000
RCC.LSCOPinFreq_Value=32000
RCC.LSE_VALUE=32768
RCC.LSI_VALUE=32000
RCC.MCO1PinFreq_Value=16000000
RCC.PLLM=RCC_PLLM_DIV4
RCC.PLLN=85
RCC.PLLP=RCC_PLLP_DIV6
RCC.PLLPoutputFreq_Value=56666666.666666664
RCC.PLLQoutputFreq_Value=170000000
RCC.PLLRCLKFreq_Value=170000000
RCC.PWRFreq_Value=170000000
RCC.QSPIFreq_Value=170000000
RCC.RNGFreq_Value=170000000
RCC.RTCFreq_Value=32000
RCC.SAI1Freq_Value=170000000
RCC.SYSCLKFreq_VALUE=170000000
RCC.SYSCLKSource=RCC_SYSCLKSOURCE_PLLCLK
RCC.UART4Freq_Value=170000000
RCC.UART5Freq_Value=170000000
RCC.USART1Freq_Value=170000000
RCC.USART2Freq_Value=170000000
RCC.USART3Freq_Value=170000000
RCC.USBFreq_Value=170000000
RCC.VCOInputFreq_Value=4000000
RCC.VCOOutputFreq_Value=340000000
SH.GPXTI10.0=GPIO_EXTI10
SH.GPXTI10.ConfNb=1
SH.GPXTI13.0=GPIO_EXTI13
SH.GPXTI13.ConfNb=1
SH.GPXTI2.0=GPIO_EXTI2
SH.GPXTI2.ConfNb=1
SH.GPXTI4.0=GPIO_EXTI4
SH.GPXTI4.ConfNb=1
SH.GPXTI5.0=GPIO_EXTI5
SH.GPXTI5.ConfNb=1
VP_COMP6_VS_DAC4OUT2.Mode=INM_DAC4OUT2
VP_COMP6_VS_DAC4OUT2.Signal=COMP6_VS_DAC4OUT2
VP_DAC4_VS_DACI2.Mode=DAC_OUT2_Int
VP_DAC4_VS_DACI2.Signal=DAC4_VS_DACI2
VP_FMAC_VS_FMAC.Mode=FMAC_Activate
VP_FMAC_VS_FMAC.Signal=FMAC_VS_FMAC
VP_RTC_VS_RTC_Activate.Mode=RTC_Enabled
VP_RTC_VS_RTC_Activate.Signal=RTC_VS_RTC_Activate
VP_SYS_VS_DBSignals.Mode=DisableDeadBatterySignals
VP_SYS_VS_DBSignals.Signal=SYS_VS_DBSignals
VP_SYS_VS_Systick.Mode=SysTick
VP_SYS_VS_Systick.Signal=SYS_VS_Systick
board=NUCLEO-G474RE
boardIOC=true
ProjectManager.Example=Buck_CurrentMode_HW
ProjectManager.ExampleSource=CubeFw
