#MicroXplorer Configuration settings - do not modify
ADC1.Channel-0\#ChannelRegularConversion=ADC_CHANNEL_8
ADC1.ClockPrescaler=ADC_CLOCK_ASYNC_DIV4
ADC1.CommonPathInternal=null|null|null|null
ADC1.ContinuousConvMode=ENABLE
ADC1.IPParameters=Rank-0\#ChannelRegularConversion,master,Channel-0\#ChannelRegularConversion,SamplingTime-0\#ChannelRegularConversion,OffsetNumber-0\#ChannelRegularConversion,NbrOfConversionFlag,ClockPrescaler,ContinuousConvMode,Overrun,CommonPathInternal
ADC1.NbrOfConversionFlag=1
ADC1.OffsetNumber-0\#ChannelRegularConversion=ADC_OFFSET_NONE
ADC1.Overrun=ADC_OVR_DATA_OVERWRITTEN
ADC1.Rank-0\#ChannelRegularConversion=1
ADC1.SamplingTime-0\#ChannelRegularConversion=ADC_SAMPLETIME_640CYCLES_5
ADC1.master=1
CAD.formats=
CAD.pinconfig=
CAD.provider=
Dma.Request0=UCPD1_RX
Dma.Request1=UCPD1_TX
Dma.Request2=USART3_TX
Dma.RequestsNb=3
Dma.UCPD1_RX.0.Direction=DMA_PERIPH_TO_MEMORY
Dma.UCPD1_RX.0.EventEnable=DISABLE
Dma.UCPD1_RX.0.Instance=DMA1_Channel3
Dma.UCPD1_RX.0.MemDataAlignment=DMA_MDATAALIGN_BYTE
Dma.UCPD1_RX.0.MemInc=DMA_MINC_ENABLE
Dma.UCPD1_RX.0.Mode=DMA_NORMAL
Dma.UCPD1_RX.0.PeriphDataAlignment=DMA_PDATAALIGN_BYTE
Dma.UCPD1_RX.0.PeriphInc=DMA_PINC_DISABLE
Dma.UCPD1_RX.0.Polarity=HAL_DMAMUX_REQ_GEN_RISING
Dma.UCPD1_RX.0.Priority=DMA_PRIORITY_LOW
Dma.UCPD1_RX.0.RequestNumber=1
Dma.UCPD1_RX.0.RequestParameters=Instance,Direction,PeriphInc,MemInc,PeriphDataAlignment,MemDataAlignment,Mode,Priority,SignalID,Polarity,RequestNumber,SyncSignalID,SyncPolarity,SyncEnable,EventEnable,SyncRequestNumber
Dma.UCPD1_RX.0.SignalID=HAL_DMAMUX1_REQ_GEN_LPTIM1_OUT
Dma.UCPD1_RX.0.SyncEnable=DISABLE
Dma.UCPD1_RX.0.SyncPolarity=HAL_DMAMUX_SYNC_NO_EVENT
Dma.UCPD1_RX.0.SyncRequestNumber=1
Dma.UCPD1_RX.0.SyncSignalID=HAL_DMAMUX1_SYNC_LPTIM1_OUT
Dma.UCPD1_TX.1.Direction=DMA_MEMORY_TO_PERIPH
Dma.UCPD1_TX.1.EventEnable=DISABLE
Dma.UCPD1_TX.1.Instance=DMA1_Channel2
Dma.UCPD1_TX.1.MemDataAlignment=DMA_MDATAALIGN_BYTE
Dma.UCPD1_TX.1.MemInc=DMA_MINC_ENABLE
Dma.UCPD1_TX.1.Mode=DMA_NORMAL
Dma.UCPD1_TX.1.PeriphDataAlignment=DMA_PDATAALIGN_BYTE
Dma.UCPD1_TX.1.PeriphInc=DMA_PINC_DISABLE
Dma.UCPD1_TX.1.Polarity=HAL_DMAMUX_REQ_GEN_RISING
Dma.UCPD1_TX.1.Priority=DMA_PRIORITY_LOW
Dma.UCPD1_TX.1.RequestNumber=1
Dma.UCPD1_TX.1.RequestParameters=Instance,Direction,PeriphInc,MemInc,PeriphDataAlignment,MemDataAlignment,Mode,Priority,SignalID,Polarity,RequestNumber,SyncSignalID,SyncPolarity,SyncEnable,EventEnable,SyncRequestNumber
Dma.UCPD1_TX.1.SignalID=HAL_DMAMUX1_REQ_GEN_LPTIM1_OUT
Dma.UCPD1_TX.1.SyncEnable=DISABLE
Dma.UCPD1_TX.1.SyncPolarity=HAL_DMAMUX_SYNC_NO_EVENT
Dma.UCPD1_TX.1.SyncRequestNumber=1
Dma.UCPD1_TX.1.SyncSignalID=HAL_DMAMUX1_SYNC_LPTIM1_OUT
Dma.USART3_TX.2.Direction=DMA_MEMORY_TO_PERIPH
Dma.USART3_TX.2.EventEnable=DISABLE
Dma.USART3_TX.2.Instance=DMA1_Channel6
Dma.USART3_TX.2.MemDataAlignment=DMA_MDATAALIGN_BYTE
Dma.USART3_TX.2.MemInc=DMA_MINC_ENABLE
Dma.USART3_TX.2.Mode=DMA_NORMAL
Dma.USART3_TX.2.PeriphDataAlignment=DMA_PDATAALIGN_BYTE
Dma.USART3_TX.2.PeriphInc=DMA_PINC_DISABLE
Dma.USART3_TX.2.Polarity=HAL_DMAMUX_REQ_GEN_RISING
Dma.USART3_TX.2.Priority=DMA_PRIORITY_LOW
Dma.USART3_TX.2.RequestNumber=1
Dma.USART3_TX.2.RequestParameters=Instance,Direction,PeriphInc,MemInc,PeriphDataAlignment,MemDataAlignment,Mode,Priority,SignalID,Polarity,RequestNumber,SyncSignalID,SyncPolarity,SyncEnable,EventEnable,SyncRequestNumber
Dma.USART3_TX.2.SignalID=HAL_DMAMUX1_REQ_GEN_LPTIM1_OUT
Dma.USART3_TX.2.SyncEnable=DISABLE
Dma.USART3_TX.2.SyncPolarity=HAL_DMAMUX_SYNC_NO_EVENT
Dma.USART3_TX.2.SyncRequestNumber=1
Dma.USART3_TX.2.SyncSignalID=NONE
FREERTOS.HEAP_NUMBER=4
FREERTOS.INCLUDE_eTaskGetState=1
FREERTOS.INCLUDE_pcTaskGetTaskName=0
FREERTOS.INCLUDE_uxTaskGetStackHighWaterMark=0
FREERTOS.INCLUDE_uxTaskPriorityGet=1
FREERTOS.INCLUDE_vTaskCleanUpResources=0
FREERTOS.INCLUDE_vTaskDelay=1
FREERTOS.INCLUDE_vTaskDelayUntil=0
FREERTOS.INCLUDE_vTaskDelete=1
FREERTOS.INCLUDE_vTaskPrioritySet=1
FREERTOS.INCLUDE_vTaskSuspend=1
FREERTOS.INCLUDE_xEventGroupSetBitFromISR=0
FREERTOS.INCLUDE_xQueueGetMutexHolder=0
FREERTOS.INCLUDE_xSemaphoreGetMutexHolder=0
FREERTOS.INCLUDE_xTaskAbortDelay=0
FREERTOS.INCLUDE_xTaskGetCurrentTaskHandle=0
FREERTOS.INCLUDE_xTaskGetHandle=0
FREERTOS.INCLUDE_xTaskResumeFromISR=1
FREERTOS.IPParameters=Tasks01,configTOTAL_HEAP_SIZE,configMINIMAL_STACK_SIZE,configUSE_PREEMPTION,MEMORY_ALLOCATION,configTICK_RATE_HZ,configMAX_PRIORITIES,configMAX_TASK_NAME_LEN,configIDLE_SHOULD_YIELD,configUSE_MUTEXES,configUSE_RECURSIVE_MUTEXES,configUSE_COUNTING_SEMAPHORES,configQUEUE_REGISTRY_SIZE,configUSE_APPLICATION_TASK_TAG,HEAP_NUMBER,configUSE_IDLE_HOOK,configUSE_TICK_HOOK,configUSE_MALLOC_FAILED_HOOK,configUSE_DAEMON_TASK_STARTUP_HOOK,configCHECK_FOR_STACK_OVERFLOW,configGENERATE_RUN_TIME_STATS,configUSE_TRACE_FACILITY,configUSE_STATS_FORMATTING_FUNCTIONS,configUSE_CO_ROUTINES,configMAX_CO_ROUTINE_PRIORITIES,configUSE_TIMERS,configLIBRARY_LOWEST_INTERRUPT_PRIORITY,configLIBRARY_MAX_SYSCALL_INTERRUPT_PRIORITY,INCLUDE_vTaskPrioritySet,INCLUDE_uxTaskPriorityGet,INCLUDE_vTaskDelete,INCLUDE_vTaskCleanUpResources,INCLUDE_vTaskSuspend,INCLUDE_vTaskDelayUntil,INCLUDE_vTaskDelay,INCLUDE_xTaskResumeFromISR,INCLUDE_xQueueGetMutexHolder,INCLUDE_xSemaphoreGetMutexHolder,INCLUDE_pcTaskGetTaskName,INCLUDE_uxTaskGetStackHighWaterMark,INCLUDE_xTaskGetCurrentTaskHandle,INCLUDE_eTaskGetState,INCLUDE_xEventGroupSetBitFromISR,configENABLE_BACKWARD_COMPATIBILITY,configUSE_TICKLESS_IDLE,configUSE_TASK_NOTIFICATIONS,INCLUDE_xTaskAbortDelay,INCLUDE_xTaskGetHandle,configRECORD_STACK_HIGH_ADDRESS
FREERTOS.MEMORY_ALLOCATION=0
FREERTOS.Tasks01=defaultTask,0,64,StartDefaultTask,Default,NULL
FREERTOS.configCHECK_FOR_STACK_OVERFLOW=0
FREERTOS.configENABLE_BACKWARD_COMPATIBILITY=1
FREERTOS.configGENERATE_RUN_TIME_STATS=0
FREERTOS.configIDLE_SHOULD_YIELD=1
FREERTOS.configLIBRARY_LOWEST_INTERRUPT_PRIORITY=15
FREERTOS.configLIBRARY_MAX_SYSCALL_INTERRUPT_PRIORITY=3
FREERTOS.configMAX_CO_ROUTINE_PRIORITIES=2
FREERTOS.configMAX_PRIORITIES=7
FREERTOS.configMAX_TASK_NAME_LEN=16
FREERTOS.configMINIMAL_STACK_SIZE=64
FREERTOS.configQUEUE_REGISTRY_SIZE=8
FREERTOS.configRECORD_STACK_HIGH_ADDRESS=0
FREERTOS.configTICK_RATE_HZ=1000
FREERTOS.configTOTAL_HEAP_SIZE=8192
FREERTOS.configUSE_APPLICATION_TASK_TAG=0
FREERTOS.configUSE_COUNTING_SEMAPHORES=0
FREERTOS.configUSE_CO_ROUTINES=0
FREERTOS.configUSE_DAEMON_TASK_STARTUP_HOOK=0
FREERTOS.configUSE_IDLE_HOOK=0
FREERTOS.configUSE_MALLOC_FAILED_HOOK=0
FREERTOS.configUSE_MUTEXES=1
FREERTOS.configUSE_PREEMPTION=1
FREERTOS.configUSE_RECURSIVE_MUTEXES=0
FREERTOS.configUSE_STATS_FORMATTING_FUNCTIONS=0
FREERTOS.configUSE_TASK_NOTIFICATIONS=1
FREERTOS.configUSE_TICKLESS_IDLE=0
FREERTOS.configUSE_TICK_HOOK=0
FREERTOS.configUSE_TIMERS=0
FREERTOS.configUSE_TRACE_FACILITY=0
File.Version=6
KeepUserPlacement=true
Mcu.CPN=STM32G474RET3
Mcu.Family=STM32G4
Mcu.IP0=ADC1
Mcu.IP1=DMA
Mcu.IP2=FREERTOS
Mcu.IP3=NVIC
Mcu.IP4=RCC
Mcu.IP5=SYS
Mcu.IP6=TRACER_EMB
Mcu.IP7=UCPD1
Mcu.IP8=USART3
Mcu.IP9=USBPD
Mcu.IPNb=10
Mcu.Name=STM32G474R(B-C-E)Tx
Mcu.Package=LQFP64
Mcu.Pin0=PC2
Mcu.Pin1=PA9
Mcu.Pin10=VP_TRACER_EMB_VS_traceremb_usart3
Mcu.Pin11=VP_USBPD_VS_USBPD1
Mcu.Pin12=VP_USBPD_VS_PD3FULL
Mcu.Pin13=VP_USBPD_VS_usbpd_tim1
Mcu.Pin14=VP_USBPD_VS_usbpd_traceremb
Mcu.Pin2=PA10
Mcu.Pin3=PC10
Mcu.Pin4=PC11
Mcu.Pin5=PB4
Mcu.Pin6=PB6
Mcu.Pin7=VP_FREERTOS_VS_CMSIS_V1
Mcu.Pin8=VP_SYS_VS_Systick
Mcu.Pin9=VP_SYS_VS_DBSignals
Mcu.PinsNb=15
Mcu.ThirdPartyNb=0
Mcu.UserConstants=
Mcu.UserName=STM32G474RETx
MxCube.Version=6.12.0
MxDb.Version=DB.6.0.120
NVIC.BusFault_IRQn=true\:0\:0\:false\:false\:true\:false\:false\:false\:false
NVIC.DMA1_Channel2_IRQn=true\:3\:0\:true\:false\:true\:false\:false\:true\:true
NVIC.DMA1_Channel3_IRQn=true\:3\:0\:true\:false\:true\:false\:false\:true\:true
NVIC.DMA1_Channel6_IRQn=true\:3\:0\:false\:false\:true\:false\:false\:true\:true
NVIC.DebugMonitor_IRQn=true\:0\:0\:false\:false\:true\:false\:false\:false\:false
NVIC.ForceEnableDMAVector=true
NVIC.HardFault_IRQn=true\:0\:0\:false\:false\:true\:false\:false\:false\:false
NVIC.MemoryManagement_IRQn=true\:0\:0\:false\:false\:true\:false\:false\:false\:false
NVIC.NonMaskableInt_IRQn=true\:0\:0\:false\:false\:true\:false\:false\:false\:false
NVIC.PendSV_IRQn=true\:15\:0\:false\:false\:false\:true\:false\:false\:false
NVIC.PriorityGroup=NVIC_PRIORITYGROUP_4
NVIC.SVCall_IRQn=true\:0\:0\:false\:false\:false\:false\:false\:false\:false
NVIC.SavedPendsvIrqHandlerGenerated=true
NVIC.SavedSvcallIrqHandlerGenerated=true
NVIC.SavedSystickIrqHandlerGenerated=true
NVIC.SysTick_IRQn=true\:15\:0\:false\:false\:true\:true\:false\:true\:false
NVIC.UCPD1_IRQn=true\:3\:0\:true\:false\:true\:false\:true\:false\:true
NVIC.USART3_IRQn=true\:3\:0\:true\:false\:true\:false\:true\:true\:true
NVIC.UsageFault_IRQn=true\:0\:0\:false\:false\:true\:false\:false\:false\:false
PA10.Mode=EnableDeadBattery
PA10.Signal=UCPD1_DBCC2
PA9.Mode=EnableDeadBattery
PA9.Signal=UCPD1_DBCC1
PB4.Mode=Sink_AllSignals
PB4.Signal=UCPD1_CC2
PB6.Mode=Sink_AllSignals
PB6.Signal=UCPD1_CC1
PC10.Locked=true
PC10.Mode=Asynchronous
PC10.Signal=USART3_TX
PC11.Mode=Asynchronous
PC11.Signal=USART3_RX
PC2.GPIOParameters=GPIO_Label
PC2.GPIO_Label=VSENSE
PC2.Mode=IN8-Single-Ended
PC2.Signal=ADC1_IN8
PinOutPanel.RotationAngle=0
ProjectManager.AskForMigrate=true
ProjectManager.BackupPrevious=false
ProjectManager.CompilerOptimize=6
ProjectManager.ComputerToolchain=false
ProjectManager.CoupleFile=false
ProjectManager.DeletePrevious=true
ProjectManager.DeviceId=STM32G474RETx
ProjectManager.FreePins=false
ProjectManager.HalAssertFull=false
ProjectManager.HeapSize=0x1000
ProjectManager.KeepUserCode=true
ProjectManager.LastFirmware=true
ProjectManager.LibraryCopy=2
ProjectManager.MainLocation=Src
ProjectManager.NoMain=false
ProjectManager.PreviousToolchain=
ProjectManager.ProjectBuild=false
ProjectManager.ProjectFileName=USB-PD_Consumer_1port.ioc
ProjectManager.ProjectName=USB-PD_Consumer_1port
ProjectManager.ProjectStructure=
ProjectManager.RegisterCallBack=
ProjectManager.StackSize=0x1000
ProjectManager.TargetToolchain=EWARM V8.32
ProjectManager.ToolChainLocation=
ProjectManager.UAScriptAfterPath=
ProjectManager.UAScriptBeforePath=
ProjectManager.UnderRoot=false
ProjectManager.functionlistsort=1-MX_GPIO_Init-GPIO-false-LL-true,2-MX_DMA_Init-DMA-false-LL-true,3-SystemClock_Config-RCC-false-LL-false,false-4-MX_UCPD1_Init-UCPD1-true-LL-true,5-MX_USBPD_Init-USBPD-false-HAL-false,false-6-MX_USART3_UART_Init-USART3-true-LL-true,7-MX_TRACER_EMB_Init-TRACER_EMB-true-HAL-false,8-MX_ADC1_Init-ADC1-false-HAL-true
RCC.ADC12CLockSelection=RCC_ADC12CLKSOURCE_PLL
RCC.ADC12Freq_Value=60000000
RCC.ADC345Freq_Value=150000000
RCC.AHBFreq_Value=150000000
RCC.APB1Freq_Value=150000000
RCC.APB1TimFreq_Value=150000000
RCC.APB2Freq_Value=150000000
RCC.APB2TimFreq_Value=150000000
RCC.CRSFreq_Value=16000000
RCC.CortexFreq_Value=150000000
RCC.EXTERNAL_CLOCK_VALUE=12288000
RCC.FCLKCortexFreq_Value=150000000
RCC.FDCANFreq_Value=150000000
RCC.FamilyName=M
RCC.HCLKFreq_Value=150000000
RCC.HRTIM1Freq_Value=150000000
RCC.HSE_VALUE=24000000
RCC.HSI48_VALUE=16000000
RCC.HSI_VALUE=16000000
RCC.I2C1Freq_Value=150000000
RCC.I2C2Freq_Value=150000000
RCC.I2C3Freq_Value=150000000
RCC.I2C4Freq_Value=150000000
RCC.I2SFreq_Value=150000000
RCC.IPParameters=ADC12CLockSelection,ADC12Freq_Value,ADC345Freq_Value,AHBFreq_Value,APB1Freq_Value,APB1TimFreq_Value,APB2Freq_Value,APB2TimFreq_Value,CRSFreq_Value,CortexFreq_Value,EXTERNAL_CLOCK_VALUE,FCLKCortexFreq_Value,FDCANFreq_Value,FamilyName,HCLKFreq_Value,HRTIM1Freq_Value,HSE_VALUE,HSI48_VALUE,HSI_VALUE,I2C1Freq_Value,I2C2Freq_Value,I2C3Freq_Value,I2C4Freq_Value,I2SFreq_Value,LPTIM1Freq_Value,LPUART1Freq_Value,LSCOPinFreq_Value,LSE_VALUE,LSI_VALUE,MCO1PinFreq_Value,PLLM,PLLN,PLLP,PLLPoutputFreq_Value,PLLQoutputFreq_Value,PLLRCLKFreq_Value,PWRFreq_Value,QSPIFreq_Value,RNGFreq_Value,SAI1Freq_Value,SYSCLKFreq_VALUE,SYSCLKSource,UART4Freq_Value,UART5Freq_Value,USART1Freq_Value,USART2Freq_Value,USART3Freq_Value,USBFreq_Value,VCOInputFreq_Value,VCOOutputFreq_Value
RCC.LPTIM1Freq_Value=150000000
RCC.LPUART1Freq_Value=150000000
RCC.LSCOPinFreq_Value=32000
RCC.LSE_VALUE=32768
RCC.LSI_VALUE=32000
RCC.MCO1PinFreq_Value=16000000
RCC.PLLM=RCC_PLLM_DIV4
RCC.PLLN=75
RCC.PLLP=RCC_PLLP_DIV5
RCC.PLLPoutputFreq_Value=60000000
RCC.PLLQoutputFreq_Value=150000000
RCC.PLLRCLKFreq_Value=150000000
RCC.PWRFreq_Value=150000000
RCC.QSPIFreq_Value=150000000
RCC.RNGFreq_Value=150000000
RCC.SAI1Freq_Value=150000000
RCC.SYSCLKFreq_VALUE=150000000
RCC.SYSCLKSource=RCC_SYSCLKSOURCE_PLLCLK
RCC.UART4Freq_Value=150000000
RCC.UART5Freq_Value=150000000
RCC.USART1Freq_Value=150000000
RCC.USART2Freq_Value=150000000
RCC.USART3Freq_Value=150000000
RCC.USBFreq_Value=150000000
RCC.VCOInputFreq_Value=4000000
RCC.VCOOutputFreq_Value=300000000
USART3.BaudRate=921600
USART3.ClockPrescaler=PRESCALER_DIV1
USART3.DMADisableonRxErrorParam=ADVFEATURE_DMA_ENABLEONRXERROR
USART3.DataInvertParam=ADVFEATURE_DATAINV_DISABLE
USART3.IPParameters=BaudRate,WordLength,Parity,StopBits,Mode,OverSampling,OneBitSampling,ClockPrescaler,TxPinLevelInvertParam,RxPinLevelInvertParam,DataInvertParam,SwapParam,OverrunDisableParam,DMADisableonRxErrorParam,MSBFirstParam,VirtualMode-Asynchronous
USART3.MSBFirstParam=ADVFEATURE_MSBFIRST_DISABLE
USART3.Mode=MODE_TX_RX
USART3.OneBitSampling=UART_ONE_BIT_SAMPLE_DISABLE
USART3.OverSampling=UART_OVERSAMPLING_16
USART3.OverrunDisableParam=ADVFEATURE_OVERRUN_ENABLE
USART3.Parity=PARITY_NONE
USART3.RxPinLevelInvertParam=ADVFEATURE_RXINV_DISABLE
USART3.StopBits=STOPBITS_1
USART3.SwapParam=ADVFEATURE_SWAP_DISABLE
USART3.TxPinLevelInvertParam=ADVFEATURE_TXINV_DISABLE
USART3.VirtualMode-Asynchronous=VM_ASYNC
USART3.WordLength=WORDLENGTH_7B
USBPD.CAD_AccesorySupport_P0=USBPD_FALSE
USBPD.IPParameters=PORT0_NB_SINKPDO,PE_SpecRevision_P0,PE_CapscounterSupport_P0,PORT0_SINK_PDO1,USBPD_DMA_Request,USBPD_VID,USBPD_PID,USBPD_XID,USBPD_BOARD_REQUESTED_VOLTAGE_MV,USBPD_BOARD_MIN_VOLTAGE_MV,USBPD_BOARD_MAX_VOLTAGE_MV,USBPD_BOARD_MAX_CURRENT_MA,USBPD_PDP_SRC_IN_WATTS,USBPD_PDP_SNK_IN_WATTS,USBPD_CORE_PDO_SRC_FIXED_MAX_CURRENT,PE_SupportedSOP_P0,PE_SupportedSOPapos_P0,PE_SupportedSOPquot_P0,PE_SupportedSOPaposDBG_P0,PE_SupportedSOPquotDBG_P0,PE_DefaultRole_P0,PE_RoleSwap_P0,PE_DataSwap_P0,PE_VDMSupport_P0,PE_RespondsToDiscovSOP_P0,PE_AttemptsDiscovSOP_P0,PE_UnchunkSupport_P0,Is_GetPPSStatus_Supported_P0,Is_SrcCapaExt_Supported_P0,Is_Alert_Supported_P0,Is_GetStatus_Supported_P0,Is_GetBattery_Supported_P0,Is_GetManufacturerInfo_Supported_P0,Is_GetCountryCodes_Supported_P0,Is_GetCountryInfo_Supported_P0,Is_SecurityRequest_Supported_P0,Is_FirmUpdateRequest_Supported_P0,Is_SnkCapaExt_Supported_P0,CAD_AccesorySupport_P0
USBPD.Is_Alert_Supported_P0=USBPD_FALSE
USBPD.Is_FirmUpdateRequest_Supported_P0=USBPD_FALSE
USBPD.Is_GetBattery_Supported_P0=USBPD_FALSE
USBPD.Is_GetCountryCodes_Supported_P0=USBPD_FALSE
USBPD.Is_GetCountryInfo_Supported_P0=USBPD_FALSE
USBPD.Is_GetManufacturerInfo_Supported_P0=USBPD_FALSE
USBPD.Is_GetPPSStatus_Supported_P0=USBPD_FALSE
USBPD.Is_GetStatus_Supported_P0=USBPD_FALSE
USBPD.Is_SecurityRequest_Supported_P0=USBPD_FALSE
USBPD.Is_SnkCapaExt_Supported_P0=USBPD_FALSE
USBPD.Is_SrcCapaExt_Supported_P0=USBPD_FALSE
USBPD.PE_AttemptsDiscovSOP_P0=USBPD_FALSE
USBPD.PE_CapscounterSupport_P0=USBPD_TRUE
USBPD.PE_DataSwap_P0=USBPD_FALSE
USBPD.PE_DefaultRole_P0=USBPD_PORTPOWERROLE_SNK
USBPD.PE_RespondsToDiscovSOP_P0=USBPD_FALSE
USBPD.PE_RoleSwap_P0=USBPD_FALSE
USBPD.PE_SpecRevision_P0=USBPD_SPECIFICATION_REV3
USBPD.PE_SupportedSOP_P0=USBPD_SUPPORTED_SOP_SOP
USBPD.PE_SupportedSOPaposDBG_P0=USBPD_SUPPORTED_SOP_NONE
USBPD.PE_SupportedSOPapos_P0=USBPD_SUPPORTED_SOP_NONE
USBPD.PE_SupportedSOPquotDBG_P0=USBPD_SUPPORTED_SOP_NONE
USBPD.PE_SupportedSOPquot_P0=USBPD_SUPPORTED_SOP_NONE
USBPD.PE_UnchunkSupport_P0=USBPD_FALSE
USBPD.PE_VDMSupport_P0=USBPD_FALSE
USBPD.PORT0_NB_SINKPDO=1
USBPD.PORT0_SINK_PDO1=0x2201912C
USBPD.USBPD_BOARD_MAX_CURRENT_MA=1500
USBPD.USBPD_BOARD_MAX_VOLTAGE_MV=5000
USBPD.USBPD_BOARD_MIN_VOLTAGE_MV=5000
USBPD.USBPD_BOARD_REQUESTED_VOLTAGE_MV=5000
USBPD.USBPD_CORE_PDO_SRC_FIXED_MAX_CURRENT=0.9
USBPD.USBPD_DMA_Request=disabled
USBPD.USBPD_PDP_SNK_IN_WATTS=4.5
USBPD.USBPD_PDP_SRC_IN_WATTS=4.5
USBPD.USBPD_PID=0x0002
USBPD.USBPD_VID=0x0483
USBPD.USBPD_XID=0xF0000003
VP_FREERTOS_VS_CMSIS_V1.Mode=CMSIS_V1
VP_FREERTOS_VS_CMSIS_V1.Signal=FREERTOS_VS_CMSIS_V1
VP_SYS_VS_DBSignals.Mode=DisableDeadBatterySignals
VP_SYS_VS_DBSignals.Signal=SYS_VS_DBSignals
VP_SYS_VS_Systick.Mode=SysTick
VP_SYS_VS_Systick.Signal=SYS_VS_Systick
VP_TRACER_EMB_VS_traceremb_usart3.Mode=TRACER_EMB_USART3
VP_TRACER_EMB_VS_traceremb_usart3.Signal=TRACER_EMB_VS_traceremb_usart3
VP_USBPD_VS_PD3FULL.Mode=PD3_Full_Stack
VP_USBPD_VS_PD3FULL.Signal=USBPD_VS_PD3FULL
VP_USBPD_VS_USBPD1.Mode=USBPD_P0
VP_USBPD_VS_USBPD1.Signal=USBPD_VS_USBPD1
VP_USBPD_VS_usbpd_tim1.Mode=TIM1
VP_USBPD_VS_usbpd_tim1.Signal=USBPD_VS_usbpd_tim1
VP_USBPD_VS_usbpd_traceremb.Mode=TRACER_EMB
VP_USBPD_VS_usbpd_traceremb.Signal=USBPD_VS_usbpd_traceremb
board=custom
rtos.0.ip=FREERTOS
ProjectManager.Example=USB-PD_Consumer_1port
ProjectManager.ExampleSource=CubeFw
