#MicroXplorer Configuration settings - do not modify
CAD.formats=
CAD.pinconfig=
CAD.provider=
FATFS.BOARD_NAME=stm32g474e
FATFS.IPParameters=SRAM_BSP_CODE,BOARD_NAME,_FS_READONLY,_FS_MINIMIZE,_USE_STRFUNC,_USE_FIND,_USE_MKFS,_USE_FASTSEEK,_USE_EXPAND,_USE_CHMOD,_USE_LABEL,_USE_FORWARD,_CODE_PAGE,_USE_LFN,_MAX_LFN,_LFN_UNICODE,_STRF_ENCODE,_FS_RPATH,_VOLUMES,_MAX_SS,_MIN_SS,_MULTI_PARTITION,_USE_TRIM,_FS_NOFSINFO,_FS_TINY,_FS_EXFAT,_FS_NORTC,_FS_REENTRANT,_FS_TIMEOUT,_FS_LOCK,_HSRAM
FATFS.SRAM_BSP_CODE=1
FATFS._CODE_PAGE=850
FATFS._FS_EXFAT=0
FATFS._FS_LOCK=2
FATFS._FS_MINIMIZE=0
FATFS._FS_NOFSINFO=0
FATFS._FS_NORTC=0
FATFS._FS_READONLY=0
FATFS._FS_REENTRANT=0
FATFS._FS_RPATH=0
FATFS._FS_TIMEOUT=1000
FATFS._FS_TINY=0
FATFS._HSRAM=hsram1
FATFS._LFN_UNICODE=0
FATFS._MAX_LFN=255
FATFS._MAX_SS=512
FATFS._MIN_SS=512
FATFS._MULTI_PARTITION=0
FATFS._STRF_ENCODE=3
FATFS._USE_CHMOD=0
FATFS._USE_EXPAND=0
FATFS._USE_FASTSEEK=1
FATFS._USE_FIND=0
FATFS._USE_FORWARD=0
FATFS._USE_LABEL=0
FATFS._USE_LFN=0
FATFS._USE_MKFS=1
FATFS._USE_STRFUNC=2
FATFS._USE_TRIM=0
FATFS._VOLUMES=1
FMC.AddressSetupTime1=15
FMC.BusTurnAroundDuration1=15
FMC.DataHoldTime1=0
FMC.DataSetupTime1=255
FMC.ExtendedMode1=FMC_EXTENDED_MODE_DISABLE
FMC.IPParameters=MemoryType1,NSBank1,WriteOperation1,WriteFifo1,ExtendedMode1,AddressSetupTime1,DataSetupTime1,DataHoldTime1,BusTurnAroundDuration1
FMC.MemoryType1=FMC_MEMORY_TYPE_SRAM
FMC.NSBank1=FMC_NORSRAM_BANK1
FMC.WriteFifo1=FMC_WRITE_FIFO_ENABLE
FMC.WriteOperation1=FMC_WRITE_OPERATION_DISABLE
File.Version=6
KeepUserPlacement=true
Mcu.CPN=STM32G474QET6
Mcu.Family=STM32G4
Mcu.IP0=FATFS
Mcu.IP1=FMC
Mcu.IP2=NVIC
Mcu.IP3=RCC
Mcu.IP4=SYS
Mcu.IPNb=5
Mcu.Name=STM32G474Q(B-C-E)Tx
Mcu.Package=LQFP128
Mcu.Pin0=PF3
Mcu.Pin1=PF4
Mcu.Pin10=PE7
Mcu.Pin11=PE8
Mcu.Pin12=PE9
Mcu.Pin13=PE10
Mcu.Pin14=PE11
Mcu.Pin15=PE12
Mcu.Pin16=PE13
Mcu.Pin17=PE14
Mcu.Pin18=PE15
Mcu.Pin19=PD8
Mcu.Pin2=PF5
Mcu.Pin20=PD9
Mcu.Pin21=PD10
Mcu.Pin22=PD14
Mcu.Pin23=PD15
Mcu.Pin24=PG0
Mcu.Pin25=PG1
Mcu.Pin26=PG2
Mcu.Pin27=PG3
Mcu.Pin28=PG4
Mcu.Pin29=PG5
Mcu.Pin3=PF7
Mcu.Pin30=PD0
Mcu.Pin31=PD1
Mcu.Pin32=PD4
Mcu.Pin33=PD5
Mcu.Pin34=PD7
Mcu.Pin35=VP_FATFS_VS_SRAM
Mcu.Pin36=VP_SYS_VS_Systick
Mcu.Pin37=VP_SYS_VS_DBSignals
Mcu.Pin4=PF10
Mcu.Pin5=PF2
Mcu.Pin6=PF12
Mcu.Pin7=PF13
Mcu.Pin8=PF14
Mcu.Pin9=PF15
Mcu.PinsNb=38
Mcu.ThirdPartyNb=0
Mcu.UserConstants=
Mcu.UserName=STM32G474QETx
MxCube.Version=6.10.0
MxDb.Version=DB.6.0.100
NVIC.BusFault_IRQn=true\:0\:0\:false\:false\:true\:false\:false\:false
NVIC.DebugMonitor_IRQn=true\:0\:0\:false\:false\:true\:false\:false\:false
NVIC.ForceEnableDMAVector=true
NVIC.HardFault_IRQn=true\:0\:0\:false\:false\:true\:false\:false\:false
NVIC.MemoryManagement_IRQn=true\:0\:0\:false\:false\:true\:false\:false\:false
NVIC.NonMaskableInt_IRQn=true\:0\:0\:false\:false\:true\:false\:false\:false
NVIC.PendSV_IRQn=true\:0\:0\:false\:false\:true\:false\:false\:false
NVIC.PriorityGroup=NVIC_PRIORITYGROUP_4
NVIC.SVCall_IRQn=true\:0\:0\:false\:false\:true\:false\:false\:false
NVIC.SysTick_IRQn=true\:0\:0\:false\:false\:true\:false\:true\:false
NVIC.UsageFault_IRQn=true\:0\:0\:false\:false\:true\:false\:false\:false
PD0.Signal=FMC_D2_DA2
PD1.Signal=FMC_D3_DA3
PD10.Signal=FMC_D15_DA15
PD14.Signal=FMC_D0_DA0
PD15.Signal=FMC_D1_DA1
PD4.Signal=FMC_NOE
PD5.Signal=FMC_NWE
PD7.Mode=NorPsramChipSelect1_1
PD7.Signal=FMC_NE1
PD8.Signal=FMC_D13_DA13
PD9.Signal=FMC_D14_DA14
PE10.Signal=FMC_D7_DA7
PE11.Signal=FMC_D8_DA8
PE12.Signal=FMC_D9_DA9
PE13.Signal=FMC_D10_DA10
PE14.Signal=FMC_D11_DA11
PE15.Signal=FMC_D12_DA12
PE7.Signal=FMC_D4_DA4
PE8.Signal=FMC_D5_DA5
PE9.Signal=FMC_D6_DA6
PF10.Signal=FMC_A0
PF12.Signal=FMC_A6
PF13.Signal=FMC_A7
PF14.Signal=FMC_A8
PF15.Signal=FMC_A9
PF2.Signal=FMC_A2
PF3.Signal=FMC_A3
PF4.Signal=FMC_A4
PF5.Signal=FMC_A5
PF7.Signal=FMC_A1
PG0.Signal=FMC_A10
PG1.Signal=FMC_A11
PG2.Signal=FMC_A12
PG3.Signal=FMC_A13
PG4.Signal=FMC_A14
PG5.Signal=FMC_A15
PinOutPanel.RotationAngle=0
ProjectManager.AskForMigrate=true
ProjectManager.BackupPrevious=false
ProjectManager.CompilerOptimize=6
ProjectManager.ComputerToolchain=false
ProjectManager.CoupleFile=false
ProjectManager.DeletePrevious=true
ProjectManager.DeviceId=STM32G474QETx
ProjectManager.FreePins=false
ProjectManager.HalAssertFull=false
ProjectManager.HeapSize=0x400
ProjectManager.KeepUserCode=true
ProjectManager.LastFirmware=true
ProjectManager.LibraryCopy=2
ProjectManager.MainLocation=Core/Src
ProjectManager.NoMain=false
ProjectManager.PreviousToolchain=
ProjectManager.ProjectBuild=false
ProjectManager.ProjectFileName=FatFs_RAMDisk.ioc
ProjectManager.ProjectName=FatFs_RAMDisk
ProjectManager.ProjectStructure=
ProjectManager.RegisterCallBack=
ProjectManager.StackSize=0x400
ProjectManager.TargetToolchain=EWARM V8.32
ProjectManager.ToolChainLocation=
ProjectManager.UAScriptAfterPath=
ProjectManager.UAScriptBeforePath=
ProjectManager.UnderRoot=false
ProjectManager.functionlistsort=1-MX_GPIO_Init-GPIO-false-HAL-true,2-SystemClock_Config-RCC-false-HAL-false,3-MX_FMC_Init-FMC-false-HAL-true,4-MX_FATFS_Init-FATFS-false-HAL-false
RCC.ADC12Freq_Value=170000000
RCC.ADC345Freq_Value=170000000
RCC.AHBFreq_Value=170000000
RCC.APB1Freq_Value=170000000
RCC.APB1TimFreq_Value=170000000
RCC.APB2Freq_Value=170000000
RCC.APB2TimFreq_Value=170000000
RCC.CRSFreq_Value=48000000
RCC.CortexFreq_Value=170000000
RCC.EXTERNAL_CLOCK_VALUE=12288000
RCC.FCLKCortexFreq_Value=170000000
RCC.FDCANFreq_Value=170000000
RCC.FamilyName=M
RCC.HCLKFreq_Value=170000000
RCC.HRTIM1Freq_Value=170000000
RCC.HSE_VALUE=24000000
RCC.HSI48_VALUE=48000000
RCC.HSI_VALUE=16000000
RCC.I2C1Freq_Value=170000000
RCC.I2C2Freq_Value=170000000
RCC.I2C3Freq_Value=170000000
RCC.I2C4Freq_Value=170000000
RCC.I2SFreq_Value=170000000
RCC.IPParameters=ADC12Freq_Value,ADC345Freq_Value,AHBFreq_Value,APB1Freq_Value,APB1TimFreq_Value,APB2Freq_Value,APB2TimFreq_Value,CRSFreq_Value,CortexFreq_Value,EXTERNAL_CLOCK_VALUE,FCLKCortexFreq_Value,FDCANFreq_Value,FamilyName,HCLKFreq_Value,HRTIM1Freq_Value,HSE_VALUE,HSI48_VALUE,HSI_VALUE,I2C1Freq_Value,I2C2Freq_Value,I2C3Freq_Value,I2C4Freq_Value,I2SFreq_Value,LPTIM1Freq_Value,LPUART1Freq_Value,LSCOPinFreq_Value,LSE_VALUE,LSI_VALUE,MCO1PinFreq_Value,PLLM,PLLN,PLLPoutputFreq_Value,PLLQoutputFreq_Value,PLLRCLKFreq_Value,PWRFreq_Value,QSPIFreq_Value,RNGFreq_Value,SAI1Freq_Value,SYSCLKFreq_VALUE,SYSCLKSource,UART4Freq_Value,UART5Freq_Value,USART1Freq_Value,USART2Freq_Value,USART3Freq_Value,USBFreq_Value,VCOInputFreq_Value,VCOOutputFreq_Value
RCC.LPTIM1Freq_Value=170000000
RCC.LPUART1Freq_Value=170000000
RCC.LSCOPinFreq_Value=32000
RCC.LSE_VALUE=32768
RCC.LSI_VALUE=32000
RCC.MCO1PinFreq_Value=16000000
RCC.PLLM=RCC_PLLM_DIV4
RCC.PLLN=85
RCC.PLLPoutputFreq_Value=170000000
RCC.PLLQoutputFreq_Value=170000000
RCC.PLLRCLKFreq_Value=170000000
RCC.PWRFreq_Value=170000000
RCC.QSPIFreq_Value=170000000
RCC.RNGFreq_Value=170000000
RCC.SAI1Freq_Value=170000000
RCC.SYSCLKFreq_VALUE=170000000
RCC.SYSCLKSource=RCC_SYSCLKSOURCE_PLLCLK
RCC.UART4Freq_Value=170000000
RCC.UART5Freq_Value=170000000
RCC.USART1Freq_Value=170000000
RCC.USART2Freq_Value=170000000
RCC.USART3Freq_Value=170000000
RCC.USBFreq_Value=170000000
RCC.VCOInputFreq_Value=4000000
RCC.VCOOutputFreq_Value=340000000
SH.FMC_A0.0=FMC_A0,16b-a1
SH.FMC_A0.ConfNb=1
SH.FMC_A1.0=FMC_A1,16b-a1
SH.FMC_A1.ConfNb=1
SH.FMC_A10.0=FMC_A10,16b-a1
SH.FMC_A10.ConfNb=1
SH.FMC_A11.0=FMC_A11,16b-a1
SH.FMC_A11.ConfNb=1
SH.FMC_A12.0=FMC_A12,16b-a1
SH.FMC_A12.ConfNb=1
SH.FMC_A13.0=FMC_A13,16b-a1
SH.FMC_A13.ConfNb=1
SH.FMC_A14.0=FMC_A14,16b-a1
SH.FMC_A14.ConfNb=1
SH.FMC_A15.0=FMC_A15,16b-a1
SH.FMC_A15.ConfNb=1
SH.FMC_A2.0=FMC_A2,16b-a1
SH.FMC_A2.ConfNb=1
SH.FMC_A3.0=FMC_A3,16b-a1
SH.FMC_A3.ConfNb=1
SH.FMC_A4.0=FMC_A4,16b-a1
SH.FMC_A4.ConfNb=1
SH.FMC_A5.0=FMC_A5,16b-a1
SH.FMC_A5.ConfNb=1
SH.FMC_A6.0=FMC_A6,16b-a1
SH.FMC_A6.ConfNb=1
SH.FMC_A7.0=FMC_A7,16b-a1
SH.FMC_A7.ConfNb=1
SH.FMC_A8.0=FMC_A8,16b-a1
SH.FMC_A8.ConfNb=1
SH.FMC_A9.0=FMC_A9,16b-a1
SH.FMC_A9.ConfNb=1
SH.FMC_D0_DA0.0=FMC_D0,16b-d1
SH.FMC_D0_DA0.ConfNb=1
SH.FMC_D10_DA10.0=FMC_D10,16b-d1
SH.FMC_D10_DA10.ConfNb=1
SH.FMC_D11_DA11.0=FMC_D11,16b-d1
SH.FMC_D11_DA11.ConfNb=1
SH.FMC_D12_DA12.0=FMC_D12,16b-d1
SH.FMC_D12_DA12.ConfNb=1
SH.FMC_D13_DA13.0=FMC_D13,16b-d1
SH.FMC_D13_DA13.ConfNb=1
SH.FMC_D14_DA14.0=FMC_D14,16b-d1
SH.FMC_D14_DA14.ConfNb=1
SH.FMC_D15_DA15.0=FMC_D15,16b-d1
SH.FMC_D15_DA15.ConfNb=1
SH.FMC_D1_DA1.0=FMC_D1,16b-d1
SH.FMC_D1_DA1.ConfNb=1
SH.FMC_D2_DA2.0=FMC_D2,16b-d1
SH.FMC_D2_DA2.ConfNb=1
SH.FMC_D3_DA3.0=FMC_D3,16b-d1
SH.FMC_D3_DA3.ConfNb=1
SH.FMC_D4_DA4.0=FMC_D4,16b-d1
SH.FMC_D4_DA4.ConfNb=1
SH.FMC_D5_DA5.0=FMC_D5,16b-d1
SH.FMC_D5_DA5.ConfNb=1
SH.FMC_D6_DA6.0=FMC_D6,16b-d1
SH.FMC_D6_DA6.ConfNb=1
SH.FMC_D7_DA7.0=FMC_D7,16b-d1
SH.FMC_D7_DA7.ConfNb=1
SH.FMC_D8_DA8.0=FMC_D8,16b-d1
SH.FMC_D8_DA8.ConfNb=1
SH.FMC_D9_DA9.0=FMC_D9,16b-d1
SH.FMC_D9_DA9.ConfNb=1
SH.FMC_NOE.0=FMC_NOE,Sram1
SH.FMC_NOE.ConfNb=1
SH.FMC_NWE.0=FMC_NWE,Sram1
SH.FMC_NWE.ConfNb=1
VP_FATFS_VS_SRAM.Mode=SRAM
VP_FATFS_VS_SRAM.Signal=FATFS_VS_SRAM
VP_SYS_VS_DBSignals.Mode=DisableDeadBatterySignals
VP_SYS_VS_DBSignals.Signal=SYS_VS_DBSignals
VP_SYS_VS_Systick.Mode=SysTick
VP_SYS_VS_Systick.Signal=SYS_VS_Systick
board=custom
ProjectManager.Example=FatFs_RAMDisk
ProjectManager.ExampleSource=CubeFw
