#MicroXplorer Configuration settings - do not modify
ADC1.Channel-5\#ChannelRegularConversion=ADC_CHANNEL_2
ADC1.Channel-6\#ChannelRegularConversion=ADC_CHANNEL_2
ADC1.Channel-IN2=ADC_CHANNEL_2
ADC1.ClockPrescaler=ADC_CLOCK_SYNC_PCLK_DIV4
ADC1.CommonPathInternal=null|null|null|null
ADC1.ContinuousConvMode=ENABLE
ADC1.DMAContinuousRequests=DISABLE
ADC1.DataAlign=ADC_DATAALIGN_RIGHT
ADC1.DiscontinuousConvMode=DISABLE
ADC1.EOCSelection=ADC_EOC_SINGLE_CONV
ADC1.EnableInjectedConversion=DISABLE
ADC1.EnableInjectedOversampling=DISABLE
ADC1.EnableRegularConversion=ENABLE
ADC1.ExternalTrigConv=ADC_EXTERNALTRIG_HRTIM_TRG1
ADC1.GainCompensation=0
ADC1.IPParameters=Channel-IN2,Mode,ClockPrescaler,Resolution,DataAlign,GainCompensation,ScanConvMode,EOCSelection,LowPowerAutoWait,ContinuousConvMode,DiscontinuousConvMode,DMAContinuousRequests,Overrun,EnableRegularConversion,OversamplingMode,EnableInjectedConversion,EnableInjectedOversampling,master,Rank1_Channel,Rank2_Channel,Rank-5\#ChannelRegularConversion,Channel-5\#ChannelRegularConversion,SamplingTime-5\#ChannelRegularConversion,OffsetNumber-5\#ChannelRegularConversion,NbrOfConversionFlag,ExternalTrigConv,Rank-6\#ChannelRegularConversion,Channel-6\#ChannelRegularConversion,SamplingTime-6\#ChannelRegularConversion,OffsetNumber-6\#ChannelRegularConversion,NbrOfConversion,CommonPathInternal
ADC1.LowPowerAutoWait=DISABLE
ADC1.Mode=ADC_MODE_INDEPENDENT
ADC1.NbrOfConversion=2
ADC1.NbrOfConversionFlag=1
ADC1.OffsetNumber-5\#ChannelRegularConversion=ADC_OFFSET_NONE
ADC1.OffsetNumber-6\#ChannelRegularConversion=ADC_OFFSET_NONE
ADC1.Overrun=ADC_OVR_DATA_OVERWRITTEN
ADC1.OversamplingMode=DISABLE
ADC1.Rank-5\#ChannelRegularConversion=1
ADC1.Rank-6\#ChannelRegularConversion=2
ADC1.Rank1_Channel=ADC_CHANNEL_2
ADC1.Rank2_Channel=ADC_CHANNEL_2
ADC1.Resolution=ADC_RESOLUTION_12B
ADC1.SamplingTime-5\#ChannelRegularConversion=ADC_SAMPLETIME_2CYCLES_5
ADC1.SamplingTime-6\#ChannelRegularConversion=ADC_SAMPLETIME_2CYCLES_5
ADC1.ScanConvMode=ADC_SCAN_ENABLE
ADC1.master=1
CAD.formats=
CAD.pinconfig=
CAD.provider=
File.Version=6
HRTIM1.ADCTrigger1_Source1=HRTIM_ADCTRIGGEREVENT13_TIMERD_CMP3
HRTIM1.ADCTrigger1_Source2=HRTIM_ADCTRIGGEREVENT13_TIMERD_CMP4
HRTIM1.ADCTrigger_Id1=HRTIM_ADCTRIGGER_1
HRTIM1.ADCTrigger_Id10=__NULL
HRTIM1.ADCTrigger_Id2=__NULL
HRTIM1.ADCTrigger_Id3=__NULL
HRTIM1.ADCTrigger_Id4=__NULL
HRTIM1.ADCTrigger_Id5=__NULL
HRTIM1.ADCTrigger_Id6=__NULL
HRTIM1.ADCTrigger_Id7=__NULL
HRTIM1.ADCTrigger_Id8=__NULL
HRTIM1.ADCTrigger_Id9=__NULL
HRTIM1.AutoDelayedMode2-Output_TD1TD2=HRTIM_AUTODELAYEDMODE_REGULAR
HRTIM1.AutoDelayedMode4-Output_TD1TD2=HRTIM_AUTODELAYEDMODE_REGULAR
HRTIM1.BlankingSourceFaultLine2=HRTIM_FAULTBLANKINGMODE_RSTALIGNED
HRTIM1.BurstDMAconfig-Output_TD1TD2=__NULL
HRTIM1.BurstMode-Output_TD1TD2=HRTIM_TIMERBURSTMODE_MAINTAINCLOCK
HRTIM1.BurstModeEntryDelayed1-Output_TD1TD2=HRTIM_OUTPUTBURSTMODEENTRY_REGULAR
HRTIM1.BurstModeEntryDelayed2-Output_TD1TD2=HRTIM_OUTPUTBURSTMODEENTRY_REGULAR
HRTIM1.CaptureUnit1-Output_TD1TD2=__NULL
HRTIM1.CaptureUnit2-Output_TD1TD2=__NULL
HRTIM1.ChopperModeEnable1-Output_TD1TD2=HRTIM_OUTPUTCHOPPERMODE_DISABLED
HRTIM1.ChopperModeEnable2-Output_TD1TD2=HRTIM_OUTPUTCHOPPERMODE_DISABLED
HRTIM1.ChopperModeconfig-Output_TD1TD2=__NULL
HRTIM1.CompareUnit1-Output_TD1TD2=HRTIM_COMPAREUNIT_1
HRTIM1.CompareUnit2-Output_TD1TD2=HRTIM_COMPAREUNIT_2
HRTIM1.CompareUnit3-Output_TD1TD2=HRTIM_COMPAREUNIT_3
HRTIM1.CompareUnit4-Output_TD1TD2=HRTIM_COMPAREUNIT_4
HRTIM1.CompareValue1-Output_TD1TD2=BUCK_PWM_PERIOD/20
HRTIM1.CompareValue2-Output_TD1TD2=BUCK_PWM_PERIOD - (BUCK_PWM_PERIOD/3)
HRTIM1.CompareValue3-Output_TD1TD2=BUCK_PWM_PERIOD/10
HRTIM1.CompareValue4-Output_TD1TD2=(BUCK_PWM_PERIOD - ((BUCK_PWM_PERIOD/3)/2))
HRTIM1.Configuration_TD=Waveform
HRTIM1.CounterFaultLine2=0
HRTIM1.DACSynchro-Output_TD1TD2=HRTIM_DACSYNC_NONE
HRTIM1.DeadTimeInsertion-Output_TD1TD2=HRTIM_TIMDEADTIMEINSERTION_DISABLED
HRTIM1.Deadtimeconfig-Output_TD1TD2=__NULL
HRTIM1.DelayedProtectionMode-Output_TD1TD2=HRTIM_TIMER_D_E_DELAYEDPROTECTION_DISABLED
HRTIM1.DualChannelDacEnableFake_TD-Output_TD1TD2=HRTIM_TIMER_DCDE_DISABLED
HRTIM1.Enable=HRTIM_BURSTMODECTL_DISABLED
HRTIM1.Enable_FaultLine2=HRTIM_FAULTMODECTL_ENABLED
HRTIM1.Event1-Output_TD1TD2=__NULL
HRTIM1.Event10-Output_TD1TD2=__NULL
HRTIM1.Event2-Output_TD1TD2=__NULL
HRTIM1.Event3-Output_TD1TD2=__NULL
HRTIM1.Event4-Output_TD1TD2=__NULL
HRTIM1.Event5-Output_TD1TD2=__NULL
HRTIM1.Event6-Output_TD1TD2=__NULL
HRTIM1.Event7-Output_TD1TD2=__NULL
HRTIM1.Event8-Output_TD1TD2=__NULL
HRTIM1.Event9-Output_TD1TD2=__NULL
HRTIM1.EventEnableA-Output_TD1TD2=__NULL
HRTIM1.Event_EEV1=__NULL
HRTIM1.Event_EEV10=__NULL
HRTIM1.Event_EEV2=__NULL
HRTIM1.Event_EEV3=__NULL
HRTIM1.Event_EEV4=__NULL
HRTIM1.Event_EEV5=__NULL
HRTIM1.Event_EEV6=__NULL
HRTIM1.Event_EEV7=__NULL
HRTIM1.Event_EEV8=__NULL
HRTIM1.Event_EEV9=__NULL
HRTIM1.FaultEnable_Source1-Output_TD1TD2=HRTIM_TIMFAULTENABLE_FAULT2
HRTIM1.FaultLevel1-Output_TD1TD2=HRTIM_OUTPUTFAULTLEVEL_INACTIVE
HRTIM1.FaultLevel2-Output_TD1TD2=HRTIM_OUTPUTFAULTLEVEL_NONE
HRTIM1.FaultLock-Output_TD1TD2=HRTIM_TIMFAULTLOCK_READWRITE
HRTIM1.Fault_Line1=__NULL
HRTIM1.Fault_Line2=HRTIM_FAULT_2
HRTIM1.Fault_Line3=__NULL
HRTIM1.Fault_Line4=__NULL
HRTIM1.Fault_Line5=__NULL
HRTIM1.Fault_Line6=__NULL
HRTIM1.Filter_FaultLine2=HRTIM_FAULTFILTER_NONE
HRTIM1.GreaterCMP1_TD=HRTIM_TIMERGTCMP1_EQUAL
HRTIM1.GreaterCMP3_TD=HRTIM_TIMERGTCMP3_EQUAL
HRTIM1.HRTIMInterruptResquests1=HRTIM_IT_NONE
HRTIM1.HRTIMInterruptResquests2=HRTIM_IT_NONE
HRTIM1.HRTIMInterruptResquests3=HRTIM_IT_NONE
HRTIM1.HRTIMInterruptResquests4=HRTIM_IT_NONE
HRTIM1.HRTIMInterruptResquests5=HRTIM_IT_NONE
HRTIM1.HRTIMInterruptResquests6=HRTIM_IT_NONE
HRTIM1.HRTIMInterruptResquests7=HRTIM_IT_NONE
HRTIM1.HRTIMInterruptResquests8=HRTIM_IT_NONE
HRTIM1.HRTIMInterruptResquests9=HRTIM_IT_NONE
HRTIM1.IPParameters=HRTIMInterruptResquests1,HRTIMInterruptResquests2,HRTIMInterruptResquests3,HRTIMInterruptResquests4,HRTIMInterruptResquests5,HRTIMInterruptResquests6,HRTIMInterruptResquests7,HRTIMInterruptResquests8,HRTIMInterruptResquests9,SyncOptions,Event_EEV1,Event_EEV2,Event_EEV3,Event_EEV4,Event_EEV5,Event_EEV6,Event_EEV7,Event_EEV8,Event_EEV9,Event_EEV10,PrescalerFault,Fault_Line1,Fault_Line2,Source_FaultLine2,Polarity_FaultLine2,Filter_FaultLine2,Lock_FaultLine2,Enable_FaultLine2,CounterFaultLine2,ResetModeFaultLine2,BlankingSourceFaultLine2,Fault_Line3,Fault_Line4,Fault_Line5,Fault_Line6,ADCTrigger_Id1,ORingUpdateSource_ADCTrigger1,NumberADCTriggerSource1,ADCTrigger1_Source1,ADCTrigger1_Source2,ADCTrigger_Id2,ADCTrigger_Id3,ADCTrigger_Id4,ADCTrigger_Id5,ADCTrigger_Id6,ADCTrigger_Id7,ADCTrigger_Id8,ADCTrigger_Id9,ADCTrigger_Id10,Enable,TimerIdx-Output_TD1TD2,Configuration_TD,Periode_TD,UpDownMode-Output_TD1TD2,ModeTimeBase-Output_TD1TD2,InterleavedMode-Output_TD1TD2,StartOnSync-Output_TD1TD2,ResetOnSync-Output_TD1TD2,DACSynchro-Output_TD1TD2,PreloadEnable-Output_TD1TD2,UpdateGating-Output_TD1TD2,RepetitionUpdate-Output_TD1TD2,BurstMode-Output_TD1TD2,PushPull-Output_TD1TD2,NumberFaultEnable-Output_TD1TD2,FaultEnable_Source1-Output_TD1TD2,FaultLock-Output_TD1TD2,DeadTimeInsertion-Output_TD1TD2,DelayedProtectionMode-Output_TD1TD2,NumberUpdateTrigger-Output_TD1TD2,ResetUpdate-Output_TD1TD2,ReSyncUpdate-Output_TD1TD2,NumberResetTrigger-Output_TD1TD2,NumberInterruptRequests-Output_TD1TD2,InterruptRequests1-Output_TD1TD2,NumberDMARequests_TD,CompareUnit1-Output_TD1TD2,CompareValue1-Output_TD1TD2,GreaterCMP1_TD,CompareUnit2-Output_TD1TD2,TrigHalf_TD,CompareValue2-Output_TD1TD2,AutoDelayedMode2-Output_TD1TD2,CompareUnit3-Output_TD1TD2,CompareValue3-Output_TD1TD2,GreaterCMP3_TD,CompareUnit4-Output_TD1TD2,CompareValue4-Output_TD1TD2,AutoDelayedMode4-Output_TD1TD2,CaptureUnit1-Output_TD1TD2,CaptureUnit2-Output_TD1TD2,Event1-Output_TD1TD2,Event2-Output_TD1TD2,Event3-Output_TD1TD2,Event4-Output_TD1TD2,Event5-Output_TD1TD2,Event6-Output_TD1TD2,Event7-Output_TD1TD2,Event8-Output_TD1TD2,Event9-Output_TD1TD2,Event10-Output_TD1TD2,EventEnableA-Output_TD1TD2,BurstDMAconfig-Output_TD1TD2,Deadtimeconfig-Output_TD1TD2,SwapD,Output1-Output_TD1TD2,Polarity1-Output_TD1TD2,NumberSetSource1-Output_TD1TD2,SetOutput1_Source1-Output_TD1TD2,NumberResetSource1-Output_TD1TD2,ResetOutput1_Source1-Output_TD1TD2,IdleMode1-Output_TD1TD2,IdleLevel1-Output_TD1TD2,FaultLevel1-Output_TD1TD2,ChopperModeEnable1-Output_TD1TD2,BurstModeEntryDelayed1-Output_TD1TD2,Output2-Output_TD1TD2,Polarity2-Output_TD1TD2,NumberSetSource2_TD,SetOutput2_Source1-Output_TD1TD2,NumberResetSource2_TD,ResetOutput2_Source1-Output_TD1TD2,IdleMode2-Output_TD1TD2,IdleLevel2-Output_TD1TD2,FaultLevel2-Output_TD1TD2,ChopperModeEnable2-Output_TD1TD2,BurstModeEntryDelayed2-Output_TD1TD2,ChopperModeconfig-Output_TD1TD2,DualChannelDacEnableFake_TD-Output_TD1TD2,Timeout,RepetitionCounter-Output_TD1TD2
HRTIM1.IPParametersWithoutCheck=CompareValue3-Output_TD1TD2,CompareValue1-Output_TD1TD2,CompareValue2-Output_TD1TD2,Periode_TD,CompareValue4-Output_TD1TD2
HRTIM1.IdleLevel1-Output_TD1TD2=HRTIM_OUTPUTIDLELEVEL_INACTIVE
HRTIM1.IdleLevel2-Output_TD1TD2=HRTIM_OUTPUTIDLELEVEL_INACTIVE
HRTIM1.IdleMode1-Output_TD1TD2=HRTIM_OUTPUTIDLEMODE_NONE
HRTIM1.IdleMode2-Output_TD1TD2=HRTIM_OUTPUTIDLEMODE_NONE
HRTIM1.InterleavedMode-Output_TD1TD2=HRTIM_INTERLEAVED_MODE_DISABLED
HRTIM1.InterruptRequests1-Output_TD1TD2=HRTIM_TIM_IT_REP
HRTIM1.Lock_FaultLine2=HRTIM_FAULTLOCK_READWRITE
HRTIM1.ModeTimeBase-Output_TD1TD2=HRTIM_MODE_CONTINUOUS
HRTIM1.NumberADCTriggerSource1=2
HRTIM1.NumberDMARequests_TD=0
HRTIM1.NumberFaultEnable-Output_TD1TD2=1
HRTIM1.NumberInterruptRequests-Output_TD1TD2=1
HRTIM1.NumberResetSource1-Output_TD1TD2=1
HRTIM1.NumberResetSource2_TD=1
HRTIM1.NumberResetTrigger-Output_TD1TD2=0
HRTIM1.NumberSetSource1-Output_TD1TD2=1
HRTIM1.NumberSetSource2_TD=1
HRTIM1.NumberUpdateTrigger-Output_TD1TD2=0
HRTIM1.ORingUpdateSource_ADCTrigger1=HRTIM_ADCTRIGGERUPDATE_TIMER_D
HRTIM1.Output1-Output_TD1TD2=HRTIM_OUTPUT_TD1
HRTIM1.Output2-Output_TD1TD2=HRTIM_OUTPUT_TD2
HRTIM1.Periode_TD=BUCK_PWM_PERIOD
HRTIM1.Polarity1-Output_TD1TD2=HRTIM_OUTPUTPOLARITY_HIGH
HRTIM1.Polarity2-Output_TD1TD2=HRTIM_OUTPUTPOLARITY_HIGH
HRTIM1.Polarity_FaultLine2=HRTIM_FAULTPOLARITY_LOW
HRTIM1.PreloadEnable-Output_TD1TD2=HRTIM_PRELOAD_ENABLED
HRTIM1.PrescalerFault=HRTIM_FAULTPRESCALER_DIV1
HRTIM1.PushPull-Output_TD1TD2=HRTIM_TIMPUSHPULLMODE_DISABLED
HRTIM1.ReSyncUpdate-Output_TD1TD2=HRTIM_TIMERESYNC_UPDATE_UNCONDITIONAL
HRTIM1.RepetitionCounter-Output_TD1TD2=3
HRTIM1.RepetitionUpdate-Output_TD1TD2=HRTIM_UPDATEONREPETITION_ENABLED
HRTIM1.ResetModeFaultLine2=HRTIM_FAULTCOUNTERRST_UNCONDITIONAL
HRTIM1.ResetOnSync-Output_TD1TD2=HRTIM_SYNCRESET_DISABLED
HRTIM1.ResetOutput1_Source1-Output_TD1TD2=HRTIM_OUTPUTRESET_TIMCMP1
HRTIM1.ResetOutput2_Source1-Output_TD1TD2=HRTIM_OUTPUTRESET_TIMPER
HRTIM1.ResetUpdate-Output_TD1TD2=HRTIM_TIMUPDATEONRESET_DISABLED
HRTIM1.SetOutput1_Source1-Output_TD1TD2=HRTIM_OUTPUTSET_TIMPER
HRTIM1.SetOutput2_Source1-Output_TD1TD2=HRTIM_OUTPUTSET_TIMCMP2
HRTIM1.Source_FaultLine2=HRTIM_FAULTSOURCE_DIGITALINPUT
HRTIM1.StartOnSync-Output_TD1TD2=HRTIM_SYNCSTART_DISABLED
HRTIM1.SwapD=__NULL
HRTIM1.SyncOptions=HRTIM_SYNCOPTION_NONE
HRTIM1.Timeout=100
HRTIM1.TimerIdx-Output_TD1TD2=HRTIM_TIMERINDEX_TIMER_D
HRTIM1.TrigHalf_TD=HRTIM_TIMERTRIGHALF_DISABLED
HRTIM1.UpDownMode-Output_TD1TD2=HRTIM_TIMERUPDOWNMODE_UP
HRTIM1.UpdateGating-Output_TD1TD2=HRTIM_UPDATEGATING_INDEPENDENT
KeepUserPlacement=true
Mcu.CPN=STM32G474RET3
Mcu.Family=STM32G4
Mcu.IP0=ADC1
Mcu.IP1=HRTIM1
Mcu.IP2=NVIC
Mcu.IP3=RCC
Mcu.IP4=SYS
Mcu.IPNb=5
Mcu.Name=STM32G474R(B-C-E)Tx
Mcu.Package=LQFP64
Mcu.Pin0=PA1
Mcu.Pin1=PB14
Mcu.Pin2=PB15
Mcu.Pin3=PA13
Mcu.Pin4=PA14
Mcu.Pin5=PA15
Mcu.Pin6=PB3
Mcu.Pin7=VP_SYS_VS_Systick
Mcu.Pin8=VP_SYS_VS_DBSignals
Mcu.PinsNb=9
Mcu.ThirdPartyNb=0
Mcu.UserConstants=
Mcu.UserName=STM32G474RETx
MxCube.Version=6.10.0
MxDb.Version=DB.6.0.100
NVIC.BusFault_IRQn=true\:0\:0\:false\:false\:true\:false\:false\:false
NVIC.DebugMonitor_IRQn=true\:0\:0\:false\:false\:true\:false\:false\:false
NVIC.ForceEnableDMAVector=true
NVIC.HardFault_IRQn=true\:0\:0\:false\:false\:true\:false\:false\:false
NVIC.MemoryManagement_IRQn=true\:0\:0\:false\:false\:true\:false\:false\:false
NVIC.NonMaskableInt_IRQn=true\:0\:0\:false\:false\:true\:false\:false\:false
NVIC.PendSV_IRQn=true\:0\:0\:false\:false\:true\:false\:false\:false
NVIC.PriorityGroup=NVIC_PRIORITYGROUP_4
NVIC.SVCall_IRQn=true\:0\:0\:false\:false\:true\:false\:false\:false
NVIC.SysTick_IRQn=true\:0\:0\:false\:false\:true\:false\:true\:false
NVIC.UsageFault_IRQn=true\:0\:0\:false\:false\:true\:false\:false\:false
PA1.Locked=true
PA1.Mode=IN2-Single-Ended
PA1.Signal=ADC1_IN2
PA13.GPIOParameters=GPIO_Label
PA13.GPIO_Label=T_SWDIO
PA13.Locked=true
PA13.Mode=Serial_Wire
PA13.Signal=SYS_JTMS-SWDIO
PA14.GPIOParameters=GPIO_Label
PA14.GPIO_Label=T_SWCLK
PA14.Locked=true
PA14.Mode=Serial_Wire
PA14.Signal=SYS_JTCK-SWCLK
PA15.GPIOParameters=GPIO_PuPd
PA15.GPIO_PuPd=GPIO_PULLUP
PA15.Locked=true
PA15.Mode=Fault_Enable2
PA15.Signal=HRTIM1_FLT2
PB14.Mode=Output_TD1TD2
PB14.Signal=HRTIM1_CHD1
PB15.Mode=Output_TD1TD2
PB15.Signal=HRTIM1_CHD2
PB3.GPIOParameters=GPIO_Label
PB3.GPIO_Label=T_SWO
PB3.Locked=true
PB3.Signal=SYS_JTDO-SWO
PinOutPanel.RotationAngle=0
ProjectManager.AskForMigrate=true
ProjectManager.BackupPrevious=false
ProjectManager.CompilerOptimize=6
ProjectManager.ComputerToolchain=false
ProjectManager.CoupleFile=false
ProjectManager.DeletePrevious=true
ProjectManager.DeviceId=STM32G474RETx
ProjectManager.FreePins=false
ProjectManager.HalAssertFull=false
ProjectManager.HeapSize=0x200
ProjectManager.KeepUserCode=true
ProjectManager.LastFirmware=true
ProjectManager.LibraryCopy=2
ProjectManager.MainLocation=Src
ProjectManager.NoMain=false
ProjectManager.PreviousToolchain=
ProjectManager.ProjectBuild=false
ProjectManager.ProjectFileName=HRTIM_Dual_Buck.ioc
ProjectManager.ProjectName=HRTIM_Dual_Buck
ProjectManager.ProjectStructure=
ProjectManager.RegisterCallBack=
ProjectManager.StackSize=0x400
ProjectManager.TargetToolchain=EWARM V8.32
ProjectManager.ToolChainLocation=
ProjectManager.UAScriptAfterPath=
ProjectManager.UAScriptBeforePath=
ProjectManager.UnderRoot=false
ProjectManager.functionlistsort=1-MX_GPIO_Init-GPIO-false-HAL-true,2-SystemClock_Config-RCC-false-HAL-false,3-MX_HRTIM1_Init-HRTIM1-false-HAL-true,4-MX_ADC1_Init-ADC1-false-HAL-true
RCC.ADC12Freq_Value=170000000
RCC.ADC345Freq_Value=170000000
RCC.AHBFreq_Value=170000000
RCC.APB1Freq_Value=170000000
RCC.APB1TimFreq_Value=170000000
RCC.APB2Freq_Value=170000000
RCC.APB2TimFreq_Value=170000000
RCC.CRSFreq_Value=48000000
RCC.CortexFreq_Value=170000000
RCC.EXTERNAL_CLOCK_VALUE=12288000
RCC.FCLKCortexFreq_Value=170000000
RCC.FDCANFreq_Value=170000000
RCC.FamilyName=M
RCC.HCLKFreq_Value=170000000
RCC.HRTIM1Freq_Value=170000000
RCC.HSE_VALUE=24000000
RCC.HSI48_VALUE=48000000
RCC.HSI_VALUE=16000000
RCC.I2C1Freq_Value=170000000
RCC.I2C2Freq_Value=170000000
RCC.I2C3Freq_Value=170000000
RCC.I2C4Freq_Value=170000000
RCC.I2SFreq_Value=170000000
RCC.IPParameters=ADC12Freq_Value,ADC345Freq_Value,AHBFreq_Value,APB1Freq_Value,APB1TimFreq_Value,APB2Freq_Value,APB2TimFreq_Value,CRSFreq_Value,CortexFreq_Value,EXTERNAL_CLOCK_VALUE,FCLKCortexFreq_Value,FDCANFreq_Value,FamilyName,HCLKFreq_Value,HRTIM1Freq_Value,HSE_VALUE,HSI48_VALUE,HSI_VALUE,I2C1Freq_Value,I2C2Freq_Value,I2C3Freq_Value,I2C4Freq_Value,I2SFreq_Value,LPTIM1Freq_Value,LPUART1Freq_Value,LSCOPinFreq_Value,LSE_VALUE,LSI_VALUE,MCO1PinFreq_Value,PLLM,PLLN,PLLPoutputFreq_Value,PLLQoutputFreq_Value,PLLRCLKFreq_Value,PWRFreq_Value,QSPIFreq_Value,RNGFreq_Value,SAI1Freq_Value,SYSCLKFreq_VALUE,SYSCLKSource,UART4Freq_Value,UART5Freq_Value,USART1Freq_Value,USART2Freq_Value,USART3Freq_Value,USBFreq_Value,VCOInputFreq_Value,VCOOutputFreq_Value
RCC.LPTIM1Freq_Value=170000000
RCC.LPUART1Freq_Value=170000000
RCC.LSCOPinFreq_Value=32000
RCC.LSE_VALUE=32768
RCC.LSI_VALUE=32000
RCC.MCO1PinFreq_Value=16000000
RCC.PLLM=RCC_PLLM_DIV4
RCC.PLLN=85
RCC.PLLPoutputFreq_Value=170000000
RCC.PLLQoutputFreq_Value=170000000
RCC.PLLRCLKFreq_Value=170000000
RCC.PWRFreq_Value=170000000
RCC.QSPIFreq_Value=170000000
RCC.RNGFreq_Value=170000000
RCC.SAI1Freq_Value=170000000
RCC.SYSCLKFreq_VALUE=170000000
RCC.SYSCLKSource=RCC_SYSCLKSOURCE_PLLCLK
RCC.UART4Freq_Value=170000000
RCC.UART5Freq_Value=170000000
RCC.USART1Freq_Value=170000000
RCC.USART2Freq_Value=170000000
RCC.USART3Freq_Value=170000000
RCC.USBFreq_Value=170000000
RCC.VCOInputFreq_Value=4000000
RCC.VCOOutputFreq_Value=340000000
VP_SYS_VS_DBSignals.Mode=DisableDeadBatterySignals
VP_SYS_VS_DBSignals.Signal=SYS_VS_DBSignals
VP_SYS_VS_Systick.Mode=SysTick
VP_SYS_VS_Systick.Signal=SYS_VS_Systick
board=custom
boardIOC=true
ProjectManager.Example=HRTIM_Dual_Buck
ProjectManager.ExampleSource=CubeFw
