#MicroXplorer Configuration settings - do not modify
ADC1.Channel-0\#ChannelRegularConversion=ADC_CHANNEL_4
ADC1.Channel-IN14=ADC_CHANNEL_14
ADC1.Channel-IN2=ADC_CHANNEL_2
ADC1.Channel-IN3=ADC_CHANNEL_3
ADC1.Channel-IN4=ADC_CHANNEL_4
ADC1.ClockPrescaler=ADC_CLOCK_SYNC_PCLK_DIV4
ADC1.CommonPathInternal=null|null|null|null
ADC1.ContinuousConvMode=DISABLE
ADC1.DMAContinuousRequests=ENABLE
ADC1.DataAlign=ADC_DATAALIGN_LEFT
ADC1.DiscontinuousConvMode=DISABLE
ADC1.EOCSelection=ADC_EOC_SINGLE_CONV
ADC1.EnableAnalogWatchDog1=false
ADC1.EnableAnalogWatchDog2=false
ADC1.EnableAnalogWatchDog3=false
ADC1.EnableInjectedConversion=DISABLE
ADC1.EnableRegularConversion=ENABLE
ADC1.ExternalTrigConv=ADC_EXTERNALTRIG_HRTIM_TRG1
ADC1.ExternalTrigConvEdge=ADC_EXTERNALTRIGCONVEDGE_RISING
ADC1.GainCompensation=0
ADC1.IPParameters=Channel-IN2,Channel-IN3,Channel-IN4,Channel-IN14,Mode,ClockPrescaler,Resolution,DataAlign,GainCompensation,ScanConvMode,EOCSelection,LowPowerAutoWait,ContinuousConvMode,DiscontinuousConvMode,DMAContinuousRequests,Overrun,EnableRegularConversion,OversamplingMode,NbrOfConversion,ExternalTrigConv,ExternalTrigConvEdge,EnableInjectedConversion,EnableAnalogWatchDog1,EnableAnalogWatchDog2,EnableAnalogWatchDog3,Rank-0\#ChannelRegularConversion,Channel-0\#ChannelRegularConversion,SamplingTime-0\#ChannelRegularConversion,OffsetNumber-0\#ChannelRegularConversion,Offset-0\#ChannelRegularConversion,OffsetSign-0\#ChannelRegularConversion,OffsetSaturation-0\#ChannelRegularConversion,master,CommonPathInternal
ADC1.LowPowerAutoWait=DISABLE
ADC1.Mode=ADC_MODE_INDEPENDENT
ADC1.NbrOfConversion=1
ADC1.Offset-0\#ChannelRegularConversion=REF
ADC1.OffsetNumber-0\#ChannelRegularConversion=ADC_OFFSET_1
ADC1.OffsetSaturation-0\#ChannelRegularConversion=DISABLE
ADC1.OffsetSign-0\#ChannelRegularConversion=ADC_OFFSET_SIGN_NEGATIVE
ADC1.Overrun=ADC_OVR_DATA_OVERWRITTEN
ADC1.OversamplingMode=DISABLE
ADC1.Rank-0\#ChannelRegularConversion=1
ADC1.Resolution=ADC_RESOLUTION_12B
ADC1.SamplingTime-0\#ChannelRegularConversion=ADC_SAMPLETIME_2CYCLES_5
ADC1.ScanConvMode=ADC_SCAN_DISABLE
ADC1.master=1
CAD.formats=
CAD.pinconfig=
CAD.provider=
Dma.ADC1.0.Direction=DMA_PERIPH_TO_MEMORY
Dma.ADC1.0.EventEnable=DISABLE
Dma.ADC1.0.Instance=DMA1_Channel1
Dma.ADC1.0.MemDataAlignment=DMA_MDATAALIGN_WORD
Dma.ADC1.0.MemInc=DMA_MINC_DISABLE
Dma.ADC1.0.Mode=DMA_CIRCULAR
Dma.ADC1.0.PeriphDataAlignment=DMA_PDATAALIGN_WORD
Dma.ADC1.0.PeriphInc=DMA_PINC_DISABLE
Dma.ADC1.0.Polarity=HAL_DMAMUX_REQ_GEN_RISING
Dma.ADC1.0.Priority=DMA_PRIORITY_LOW
Dma.ADC1.0.RequestNumber=1
Dma.ADC1.0.RequestParameters=Instance,Direction,PeriphInc,MemInc,PeriphDataAlignment,MemDataAlignment,Mode,Priority,SignalID,Polarity,RequestNumber,SyncSignalID,SyncPolarity,SyncEnable,EventEnable,SyncRequestNumber
Dma.ADC1.0.SignalID=HAL_DMAMUX1_REQ_GEN_EXTI2
Dma.ADC1.0.SyncEnable=DISABLE
Dma.ADC1.0.SyncPolarity=HAL_DMAMUX_SYNC_NO_EVENT
Dma.ADC1.0.SyncRequestNumber=1
Dma.ADC1.0.SyncSignalID=NONE
Dma.Request0=ADC1
Dma.RequestsNb=1
File.Version=6
HRTIM1.ADCTrigger1_Source1=HRTIM_ADCTRIGGEREVENT13_TIMERC_CMP3
HRTIM1.ADCTrigger_Id1=HRTIM_ADCTRIGGER_1
HRTIM1.ADCTrigger_Id10=__NULL
HRTIM1.ADCTrigger_Id2=__NULL
HRTIM1.ADCTrigger_Id3=__NULL
HRTIM1.ADCTrigger_Id4=__NULL
HRTIM1.ADCTrigger_Id5=__NULL
HRTIM1.ADCTrigger_Id6=__NULL
HRTIM1.ADCTrigger_Id7=__NULL
HRTIM1.ADCTrigger_Id8=__NULL
HRTIM1.ADCTrigger_Id9=__NULL
HRTIM1.AutoDelayedMode2-Output_TC1TC2=HRTIM_AUTODELAYEDMODE_REGULAR
HRTIM1.BurstDMAconfig-Output_TC1TC2=__NULL
HRTIM1.BurstMode-Output_TC1TC2=HRTIM_TIMERBURSTMODE_MAINTAINCLOCK
HRTIM1.BurstModeEntryDelayed1-Output_TC1TC2=HRTIM_OUTPUTBURSTMODEENTRY_REGULAR
HRTIM1.BurstModeEntryDelayed2-Output_TC1TC2=HRTIM_OUTPUTBURSTMODEENTRY_REGULAR
HRTIM1.CaptureUnit1-Output_TC1TC2=__NULL
HRTIM1.CaptureUnit2-Output_TC1TC2=__NULL
HRTIM1.ChopperModeEnable1-Output_TC1TC2=HRTIM_OUTPUTCHOPPERMODE_DISABLED
HRTIM1.ChopperModeEnable2-Output_TC1TC2=HRTIM_OUTPUTCHOPPERMODE_DISABLED
HRTIM1.ChopperModeconfig-Output_TC1TC2=__NULL
HRTIM1.CompareUnit1-Output_TC1TC2=HRTIM_COMPAREUNIT_1
HRTIM1.CompareUnit2-Output_TC1TC2=HRTIM_COMPAREUNIT_2
HRTIM1.CompareUnit3-Output_TC1TC2=HRTIM_COMPAREUNIT_3
HRTIM1.CompareUnit4-Output_TC1TC2=__NULL
HRTIM1.CompareValue1-Output_TC1TC2=0
HRTIM1.CompareValue2-Output_TC1TC2=24480
HRTIM1.CompareValue3-Output_TC1TC2=50
HRTIM1.Configuration_TC=Waveform
HRTIM1.DACSynchro-Output_TC1TC2=HRTIM_DACSYNC_NONE
HRTIM1.DeadTimeInsertion-Output_TC1TC2=HRTIM_TIMDEADTIMEINSERTION_ENABLED
HRTIM1.Deadtimeconfig-Output_TC1TC2=HRTIM_TIMERINDEX_TIMER_C
HRTIM1.DelayedProtectionMode-Output_TC1TC2=HRTIM_TIMER_A_B_C_DELAYEDPROTECTION_DISABLED
HRTIM1.DualChannelDacEnableFake_TC-Output_TC1TC2=HRTIM_TIMER_DCDE_DISABLED
HRTIM1.Enable=HRTIM_BURSTMODECTL_DISABLED
HRTIM1.Event1-Output_TC1TC2=__NULL
HRTIM1.Event10-Output_TC1TC2=__NULL
HRTIM1.Event2-Output_TC1TC2=__NULL
HRTIM1.Event3-Output_TC1TC2=__NULL
HRTIM1.Event4-Output_TC1TC2=__NULL
HRTIM1.Event5-Output_TC1TC2=__NULL
HRTIM1.Event6-Output_TC1TC2=__NULL
HRTIM1.Event7-Output_TC1TC2=__NULL
HRTIM1.Event8-Output_TC1TC2=__NULL
HRTIM1.Event9-Output_TC1TC2=__NULL
HRTIM1.EventEnableA-Output_TC1TC2=__NULL
HRTIM1.Event_EEV1=__NULL
HRTIM1.Event_EEV10=__NULL
HRTIM1.Event_EEV2=__NULL
HRTIM1.Event_EEV3=__NULL
HRTIM1.Event_EEV4=__NULL
HRTIM1.Event_EEV5=__NULL
HRTIM1.Event_EEV6=__NULL
HRTIM1.Event_EEV7=__NULL
HRTIM1.Event_EEV8=__NULL
HRTIM1.Event_EEV9=__NULL
HRTIM1.FallingLock-Output_TC1TC2=HRTIM_TIMDEADTIME_FALLINGLOCK_WRITE
HRTIM1.FallingSign-Output_TC1TC2=HRTIM_TIMDEADTIME_FALLINGSIGN_POSITIVE
HRTIM1.FallingSignLock-Output_TC1TC2=HRTIM_TIMDEADTIME_FALLINGSIGNLOCK_WRITE
HRTIM1.FallingValue-Output_TC1TC2=300
HRTIM1.FaultLevel1-Output_TC1TC2=HRTIM_OUTPUTFAULTLEVEL_INACTIVE
HRTIM1.FaultLevel2-Output_TC1TC2=HRTIM_OUTPUTFAULTLEVEL_INACTIVE
HRTIM1.FaultLock-Output_TC1TC2=HRTIM_TIMFAULTLOCK_READWRITE
HRTIM1.Fault_Line1=__NULL
HRTIM1.Fault_Line2=__NULL
HRTIM1.Fault_Line3=__NULL
HRTIM1.Fault_Line4=__NULL
HRTIM1.Fault_Line5=__NULL
HRTIM1.Fault_Line6=__NULL
HRTIM1.GreaterCMP1_TC=HRTIM_TIMERGTCMP1_EQUAL
HRTIM1.GreaterCMP3_TC=HRTIM_TIMERGTCMP3_EQUAL
HRTIM1.HRTIMInterruptResquests1=HRTIM_IT_NONE
HRTIM1.HRTIMInterruptResquests2=HRTIM_IT_NONE
HRTIM1.HRTIMInterruptResquests3=HRTIM_IT_NONE
HRTIM1.HRTIMInterruptResquests4=HRTIM_IT_NONE
HRTIM1.HRTIMInterruptResquests5=HRTIM_IT_NONE
HRTIM1.HRTIMInterruptResquests6=HRTIM_IT_NONE
HRTIM1.HRTIMInterruptResquests7=HRTIM_IT_NONE
HRTIM1.HRTIMInterruptResquests8=HRTIM_IT_NONE
HRTIM1.HRTIMInterruptResquests9=HRTIM_IT_NONE
HRTIM1.IPParameters=HRTIMInterruptResquests1,HRTIMInterruptResquests2,HRTIMInterruptResquests3,HRTIMInterruptResquests4,HRTIMInterruptResquests5,HRTIMInterruptResquests6,HRTIMInterruptResquests7,HRTIMInterruptResquests8,HRTIMInterruptResquests9,SyncOptions,Event_EEV1,Event_EEV2,Event_EEV3,Event_EEV4,Event_EEV5,Event_EEV6,Event_EEV7,Event_EEV8,Event_EEV9,Event_EEV10,Fault_Line1,Fault_Line2,Fault_Line3,Fault_Line4,Fault_Line5,Fault_Line6,ADCTrigger_Id1,ORingUpdateSource_ADCTrigger1,NumberADCTriggerSource1,ADCTrigger1_Source1,ADCTrigger_Id2,ADCTrigger_Id3,ADCTrigger_Id4,ADCTrigger_Id5,ADCTrigger_Id6,ADCTrigger_Id7,ADCTrigger_Id8,ADCTrigger_Id9,ADCTrigger_Id10,Enable,TimerIdx-Output_TC1TC2,Configuration_TC,UpDownMode-Output_TC1TC2,ModeTimeBase-Output_TC1TC2,InterleavedMode-Output_TC1TC2,StartOnSync-Output_TC1TC2,ResetOnSync-Output_TC1TC2,DACSynchro-Output_TC1TC2,PreloadEnable-Output_TC1TC2,UpdateGating-Output_TC1TC2,RepetitionUpdate-Output_TC1TC2,BurstMode-Output_TC1TC2,PushPull-Output_TC1TC2,NumberFaultEnable-Output_TC1TC2,FaultLock-Output_TC1TC2,DeadTimeInsertion-Output_TC1TC2,DelayedProtectionMode-Output_TC1TC2,NumberUpdateTrigger-Output_TC1TC2,ResetUpdate-Output_TC1TC2,ReSyncUpdate-Output_TC1TC2,NumberResetTrigger-Output_TC1TC2,NumberInterruptRequests-Output_TC1TC2,NumberDMARequests_TC,CompareUnit1-Output_TC1TC2,GreaterCMP1_TC,CompareUnit2-Output_TC1TC2,TrigHalf_TC,AutoDelayedMode2-Output_TC1TC2,CompareUnit3-Output_TC1TC2,GreaterCMP3_TC,CompareUnit4-Output_TC1TC2,CaptureUnit1-Output_TC1TC2,CaptureUnit2-Output_TC1TC2,Event1-Output_TC1TC2,Event2-Output_TC1TC2,Event3-Output_TC1TC2,Event4-Output_TC1TC2,Event5-Output_TC1TC2,Event6-Output_TC1TC2,Event7-Output_TC1TC2,Event8-Output_TC1TC2,Event9-Output_TC1TC2,Event10-Output_TC1TC2,EventEnableA-Output_TC1TC2,BurstDMAconfig-Output_TC1TC2,Deadtimeconfig-Output_TC1TC2,PrescalerDead-Output_TC1TC2,RisingSign-Output_TC1TC2,RisingLock-Output_TC1TC2,RisingSignLock-Output_TC1TC2,FallingSign-Output_TC1TC2,FallingLock-Output_TC1TC2,FallingSignLock-Output_TC1TC2,SwapC,Output1-Output_TC1TC2,Polarity1-Output_TC1TC2,NumberSetSource1-Output_TC1TC2,SetOutput1_Source1-Output_TC1TC2,NumberResetSource1-Output_TC1TC2,ResetOutput1_Source1-Output_TC1TC2,ResetOutput1_Source2-Output_TC1TC2,IdleMode1-Output_TC1TC2,IdleLevel1-Output_TC1TC2,FaultLevel1-Output_TC1TC2,ChopperModeEnable1-Output_TC1TC2,BurstModeEntryDelayed1-Output_TC1TC2,Output2-Output_TC1TC2,Polarity2-Output_TC1TC2,NumberSetSource2_TC,NumberResetSource2_TC,IdleMode2-Output_TC1TC2,IdleLevel2-Output_TC1TC2,FaultLevel2-Output_TC1TC2,ChopperModeEnable2-Output_TC1TC2,BurstModeEntryDelayed2-Output_TC1TC2,ChopperModeconfig-Output_TC1TC2,DualChannelDacEnableFake_TC-Output_TC1TC2,CompareValue1-Output_TC1TC2,CompareValue2-Output_TC1TC2,CompareValue3-Output_TC1TC2,FallingValue-Output_TC1TC2,Periode_TC,RisingValue-Output_TC1TC2
HRTIM1.IdleLevel1-Output_TC1TC2=HRTIM_OUTPUTIDLELEVEL_INACTIVE
HRTIM1.IdleLevel2-Output_TC1TC2=HRTIM_OUTPUTIDLELEVEL_INACTIVE
HRTIM1.IdleMode1-Output_TC1TC2=HRTIM_OUTPUTIDLEMODE_NONE
HRTIM1.IdleMode2-Output_TC1TC2=HRTIM_OUTPUTIDLEMODE_NONE
HRTIM1.InterleavedMode-Output_TC1TC2=HRTIM_INTERLEAVED_MODE_DISABLED
HRTIM1.ModeTimeBase-Output_TC1TC2=HRTIM_MODE_CONTINUOUS
HRTIM1.NumberADCTriggerSource1=1
HRTIM1.NumberDMARequests_TC=0
HRTIM1.NumberFaultEnable-Output_TC1TC2=0
HRTIM1.NumberInterruptRequests-Output_TC1TC2=0
HRTIM1.NumberResetSource1-Output_TC1TC2=2
HRTIM1.NumberResetSource2_TC=0
HRTIM1.NumberResetTrigger-Output_TC1TC2=0
HRTIM1.NumberSetSource1-Output_TC1TC2=1
HRTIM1.NumberSetSource2_TC=0
HRTIM1.NumberUpdateTrigger-Output_TC1TC2=0
HRTIM1.ORingUpdateSource_ADCTrigger1=HRTIM_ADCTRIGGERUPDATE_TIMER_C
HRTIM1.Output1-Output_TC1TC2=HRTIM_OUTPUT_TC1
HRTIM1.Output2-Output_TC1TC2=HRTIM_OUTPUT_TC2
HRTIM1.Periode_TC=27200
HRTIM1.Polarity1-Output_TC1TC2=HRTIM_OUTPUTPOLARITY_HIGH
HRTIM1.Polarity2-Output_TC1TC2=HRTIM_OUTPUTPOLARITY_HIGH
HRTIM1.PreloadEnable-Output_TC1TC2=HRTIM_PRELOAD_DISABLED
HRTIM1.PrescalerDead-Output_TC1TC2=HRTIM_TIMDEADTIME_PRESCALERRATIO_MUL8
HRTIM1.PushPull-Output_TC1TC2=HRTIM_TIMPUSHPULLMODE_DISABLED
HRTIM1.ReSyncUpdate-Output_TC1TC2=HRTIM_TIMERESYNC_UPDATE_UNCONDITIONAL
HRTIM1.RepetitionUpdate-Output_TC1TC2=HRTIM_UPDATEONREPETITION_DISABLED
HRTIM1.ResetOnSync-Output_TC1TC2=HRTIM_SYNCRESET_DISABLED
HRTIM1.ResetOutput1_Source1-Output_TC1TC2=HRTIM_OUTPUTRESET_TIMCMP1
HRTIM1.ResetOutput1_Source2-Output_TC1TC2=HRTIM_OUTPUTRESET_TIMCMP2
HRTIM1.ResetUpdate-Output_TC1TC2=HRTIM_TIMUPDATEONRESET_DISABLED
HRTIM1.RisingLock-Output_TC1TC2=HRTIM_TIMDEADTIME_RISINGLOCK_WRITE
HRTIM1.RisingSign-Output_TC1TC2=HRTIM_TIMDEADTIME_RISINGSIGN_POSITIVE
HRTIM1.RisingSignLock-Output_TC1TC2=HRTIM_TIMDEADTIME_RISINGSIGNLOCK_WRITE
HRTIM1.RisingValue-Output_TC1TC2=75
HRTIM1.SetOutput1_Source1-Output_TC1TC2=HRTIM_OUTPUTSET_TIMPER
HRTIM1.StartOnSync-Output_TC1TC2=HRTIM_SYNCSTART_DISABLED
HRTIM1.SwapC=__NULL
HRTIM1.SyncOptions=HRTIM_SYNCOPTION_NONE
HRTIM1.TimerIdx-Output_TC1TC2=HRTIM_TIMERINDEX_TIMER_C
HRTIM1.TrigHalf_TC=HRTIM_TIMERTRIGHALF_DISABLED
HRTIM1.UpDownMode-Output_TC1TC2=HRTIM_TIMERUPDOWNMODE_UP
HRTIM1.UpdateGating-Output_TC1TC2=HRTIM_UPDATEGATING_INDEPENDENT
KeepUserPlacement=true
Mcu.CPN=STM32G474RET3
Mcu.Family=STM32G4
Mcu.IP0=ADC1
Mcu.IP1=DMA
Mcu.IP2=FMAC
Mcu.IP3=HRTIM1
Mcu.IP4=NVIC
Mcu.IP5=RCC
Mcu.IP6=RTC
Mcu.IP7=SYS
Mcu.IPNb=8
Mcu.Name=STM32G474R(B-C-E)Tx
Mcu.Package=LQFP64
Mcu.Pin0=PC14-OSC32_IN
Mcu.Pin1=PC15-OSC32_OUT
Mcu.Pin10=PB15
Mcu.Pin11=PB9
Mcu.Pin12=VP_FMAC_VS_FMAC
Mcu.Pin13=VP_RTC_VS_RTC_Activate
Mcu.Pin14=VP_SYS_VS_Systick
Mcu.Pin15=VP_SYS_VS_DBSignals
Mcu.Pin2=PC3
Mcu.Pin3=PA1
Mcu.Pin4=PA2
Mcu.Pin5=PA3
Mcu.Pin6=PB11
Mcu.Pin7=PB12
Mcu.Pin8=PB13
Mcu.Pin9=PB14
Mcu.PinsNb=16
Mcu.ThirdPartyNb=0
Mcu.UserConstants=REF,778;DUTY_TICKS_MAX,24480
Mcu.UserName=STM32G474RETx
MxCube.Version=6.10.0
MxDb.Version=DB.6.0.100
NVIC.BusFault_IRQn=true\:0\:0\:false\:false\:true\:false\:false\:false
NVIC.DMA1_Channel1_IRQn=true\:0\:0\:false\:false\:false\:false\:false\:true
NVIC.DebugMonitor_IRQn=true\:0\:0\:false\:false\:true\:false\:false\:false
NVIC.FMAC_IRQn=true\:3\:0\:true\:false\:true\:true\:false\:true
NVIC.ForceEnableDMAVector=true
NVIC.HardFault_IRQn=true\:0\:0\:false\:false\:true\:false\:false\:false
NVIC.MemoryManagement_IRQn=true\:0\:0\:false\:false\:true\:false\:false\:false
NVIC.NonMaskableInt_IRQn=true\:0\:0\:false\:false\:true\:false\:false\:false
NVIC.PendSV_IRQn=true\:0\:0\:false\:false\:true\:false\:false\:false
NVIC.PriorityGroup=NVIC_PRIORITYGROUP_4
NVIC.SVCall_IRQn=true\:0\:0\:false\:false\:true\:false\:false\:false
NVIC.SysTick_IRQn=true\:0\:0\:false\:false\:true\:false\:true\:false
NVIC.UsageFault_IRQn=true\:0\:0\:false\:false\:true\:false\:false\:false
PA1.GPIOParameters=GPIO_Label
PA1.GPIO_Label=BUCKBOOST VIN
PA1.Locked=true
PA1.Mode=IN2-Single-Ended
PA1.Signal=ADC1_IN2
PA2.GPIOParameters=GPIO_Label
PA2.GPIO_Label=BUCKBOOST I IN AVG
PA2.Locked=true
PA2.Mode=IN3-Single-Ended
PA2.Signal=ADC1_IN3
PA3.GPIOParameters=GPIO_Label
PA3.GPIO_Label=BUCKBOOST VOUT
PA3.Locked=true
PA3.Mode=IN4-Single-Ended
PA3.Signal=ADC1_IN4
PB11.GPIOParameters=GPIO_Label
PB11.GPIO_Label=BUCKBOOST I IN SENSE
PB11.Locked=true
PB11.Mode=IN14-Single-Ended
PB11.Signal=ADC1_IN14
PB12.GPIOParameters=GPIO_Label
PB12.GPIO_Label=BUCKBOOST P1 DRIVE
PB12.Locked=true
PB12.Mode=Output_TC1TC2
PB12.Signal=HRTIM1_CHC1
PB13.GPIOParameters=GPIO_Label
PB13.GPIO_Label=BUCKBOOST N1 DRIVE
PB13.Locked=true
PB13.Mode=Output_TC1TC2
PB13.Signal=HRTIM1_CHC2
PB14.GPIOParameters=GPIO_Label
PB14.GPIO_Label=BUCKBOOST N2 DRIVE
PB14.Locked=true
PB14.Signal=HRTIM1_CHD1
PB15.GPIOParameters=GPIO_Label
PB15.GPIO_Label=BUCKBOOST P2 DRIVE
PB15.Locked=true
PB15.Signal=GPIO_Output
PB9.GPIOParameters=GPIO_Speed,GPIO_Label
PB9.GPIO_Label=GPO1
PB9.GPIO_Speed=GPIO_SPEED_FREQ_VERY_HIGH
PB9.Locked=true
PB9.Signal=GPIO_Output
PC14-OSC32_IN.GPIOParameters=GPIO_Label
PC14-OSC32_IN.GPIO_Label=BUCKBOOST LOAD 1
PC14-OSC32_IN.Locked=true
PC14-OSC32_IN.Signal=GPIO_Output
PC15-OSC32_OUT.GPIOParameters=GPIO_Label
PC15-OSC32_OUT.GPIO_Label=BUCKBOOST LOAD 2
PC15-OSC32_OUT.Locked=true
PC15-OSC32_OUT.Signal=GPIO_Output
PC3.GPIOParameters=PinState,GPIO_Label
PC3.GPIO_Label=BUCKBOOST USBPD EN
PC3.Locked=true
PC3.PinState=GPIO_PIN_SET
PC3.Signal=GPIO_Output
PinOutPanel.RotationAngle=0
ProjectManager.AskForMigrate=true
ProjectManager.BackupPrevious=false
ProjectManager.CompilerOptimize=6
ProjectManager.ComputerToolchain=false
ProjectManager.CoupleFile=false
ProjectManager.DeletePrevious=true
ProjectManager.DeviceId=STM32G474RETx
ProjectManager.FreePins=false
ProjectManager.HalAssertFull=false
ProjectManager.HeapSize=0x200
ProjectManager.KeepUserCode=true
ProjectManager.LastFirmware=true
ProjectManager.LibraryCopy=2
ProjectManager.MainLocation=Src
ProjectManager.NoMain=false
ProjectManager.PreviousToolchain=
ProjectManager.ProjectBuild=false
ProjectManager.ProjectFileName=FMAC_Buck_VoltageMode_HW_AN5305.ioc
ProjectManager.ProjectName=FMAC_Buck_VoltageMode_HW_AN5305
ProjectManager.ProjectStructure=
ProjectManager.RegisterCallBack=
ProjectManager.StackSize=0x400
ProjectManager.TargetToolchain=EWARM V8.32
ProjectManager.ToolChainLocation=
ProjectManager.UAScriptAfterPath=
ProjectManager.UAScriptBeforePath=
ProjectManager.UnderRoot=false
ProjectManager.functionlistsort=1-MX_GPIO_Init-GPIO-false-HAL-true,2-MX_DMA_Init-DMA-false-HAL-true,3-SystemClock_Config-RCC-false-HAL-false,4-MX_RTC_Init-RTC-false-HAL-true,5-MX_ADC1_Init-ADC1-false-HAL-true,6-MX_HRTIM1_Init-HRTIM1-false-HAL-true,7-MX_FMAC_Init-FMAC-false-HAL-true
RCC.ADC12CLockSelection=RCC_ADC12CLKSOURCE_PLL
RCC.ADC12Freq_Value=68000000
RCC.ADC345Freq_Value=170000000
RCC.AHBFreq_Value=170000000
RCC.APB1Freq_Value=170000000
RCC.APB1TimFreq_Value=170000000
RCC.APB2Freq_Value=170000000
RCC.APB2TimFreq_Value=170000000
RCC.CRSFreq_Value=48000000
RCC.CortexFreq_Value=170000000
RCC.EXTERNAL_CLOCK_VALUE=12288000
RCC.FCLKCortexFreq_Value=170000000
RCC.FDCANFreq_Value=170000000
RCC.FamilyName=M
RCC.HCLKFreq_Value=170000000
RCC.HRTIM1Freq_Value=170000000
RCC.HSE_VALUE=24000000
RCC.HSI48_VALUE=48000000
RCC.HSI_VALUE=16000000
RCC.I2C1Freq_Value=170000000
RCC.I2C2Freq_Value=170000000
RCC.I2C3Freq_Value=170000000
RCC.I2C4Freq_Value=170000000
RCC.I2SFreq_Value=170000000
RCC.IPParameters=ADC12CLockSelection,ADC12Freq_Value,ADC345Freq_Value,AHBFreq_Value,APB1Freq_Value,APB1TimFreq_Value,APB2Freq_Value,APB2TimFreq_Value,CRSFreq_Value,CortexFreq_Value,EXTERNAL_CLOCK_VALUE,FCLKCortexFreq_Value,FDCANFreq_Value,FamilyName,HCLKFreq_Value,HRTIM1Freq_Value,HSE_VALUE,HSI48_VALUE,HSI_VALUE,I2C1Freq_Value,I2C2Freq_Value,I2C3Freq_Value,I2C4Freq_Value,I2SFreq_Value,LPTIM1Freq_Value,LPUART1Freq_Value,LSCOPinFreq_Value,LSE_VALUE,LSI_VALUE,MCO1PinFreq_Value,PLLM,PLLN,PLLP,PLLPoutputFreq_Value,PLLQoutputFreq_Value,PLLRCLKFreq_Value,PWRFreq_Value,QSPIFreq_Value,RNGFreq_Value,SAI1Freq_Value,SYSCLKFreq_VALUE,SYSCLKSource,UART4Freq_Value,UART5Freq_Value,USART1Freq_Value,USART2Freq_Value,USART3Freq_Value,USBFreq_Value,VCOInputFreq_Value,VCOOutputFreq_Value
RCC.LPTIM1Freq_Value=170000000
RCC.LPUART1Freq_Value=170000000
RCC.LSCOPinFreq_Value=32000
RCC.LSE_VALUE=32768
RCC.LSI_VALUE=32000
RCC.MCO1PinFreq_Value=16000000
RCC.PLLM=RCC_PLLM_DIV4
RCC.PLLN=85
RCC.PLLP=RCC_PLLP_DIV5
RCC.PLLPoutputFreq_Value=68000000
RCC.PLLQoutputFreq_Value=170000000
RCC.PLLRCLKFreq_Value=170000000
RCC.PWRFreq_Value=170000000
RCC.QSPIFreq_Value=170000000
RCC.RNGFreq_Value=170000000
RCC.SAI1Freq_Value=170000000
RCC.SYSCLKFreq_VALUE=170000000
RCC.SYSCLKSource=RCC_SYSCLKSOURCE_PLLCLK
RCC.UART4Freq_Value=170000000
RCC.UART5Freq_Value=170000000
RCC.USART1Freq_Value=170000000
RCC.USART2Freq_Value=170000000
RCC.USART3Freq_Value=170000000
RCC.USBFreq_Value=170000000
RCC.VCOInputFreq_Value=4000000
RCC.VCOOutputFreq_Value=340000000
RTC.AsynchPrediv=127
RTC.HourFormat=RTC_HOURFORMAT_24
RTC.IPParameters=HourFormat,AsynchPrediv,SynchPrediv
RTC.SynchPrediv=255
VP_FMAC_VS_FMAC.Mode=FMAC_Activate
VP_FMAC_VS_FMAC.Signal=FMAC_VS_FMAC
VP_RTC_VS_RTC_Activate.Mode=RTC_Enabled
VP_RTC_VS_RTC_Activate.Signal=RTC_VS_RTC_Activate
VP_SYS_VS_DBSignals.Mode=DisableDeadBatterySignals
VP_SYS_VS_DBSignals.Signal=SYS_VS_DBSignals
VP_SYS_VS_Systick.Mode=SysTick
VP_SYS_VS_Systick.Signal=SYS_VS_Systick
board=custom
boardIOC=true
ProjectManager.Example=FMAC_Buck_VoltageMode_HW_AN5305
ProjectManager.ExampleSource=CubeFw
