#MicroXplorer Configuration settings - do not modify
CAD.formats=
CAD.pinconfig=
CAD.provider=
File.Version=6
HRTIM1.ADCTrigger_Id1=__NULL
HRTIM1.ADCTrigger_Id10=__NULL
HRTIM1.ADCTrigger_Id2=__NULL
HRTIM1.ADCTrigger_Id3=__NULL
HRTIM1.ADCTrigger_Id4=__NULL
HRTIM1.ADCTrigger_Id5=__NULL
HRTIM1.ADCTrigger_Id6=__NULL
HRTIM1.ADCTrigger_Id7=__NULL
HRTIM1.ADCTrigger_Id8=__NULL
HRTIM1.ADCTrigger_Id9=__NULL
HRTIM1.BurstDMAconfig-Output_TD1=__NULL
HRTIM1.BurstMode-Output_TD1=HRTIM_TIMERBURSTMODE_MAINTAINCLOCK
HRTIM1.BurstModeEntryDelayed1-Output_TD1=HRTIM_OUTPUTBURSTMODEENTRY_REGULAR
HRTIM1.CaptureUnit1-Output_TD1=__NULL
HRTIM1.CaptureUnit2-Output_TD1=__NULL
HRTIM1.ChopperModeEnable1-Output_TD1=HRTIM_OUTPUTCHOPPERMODE_DISABLED
HRTIM1.ChopperModeconfig-Output_TD1=__NULL
HRTIM1.CompareUnit1-Output_TD1=HRTIM_COMPAREUNIT_1
HRTIM1.CompareUnit2-Output_TD1=__NULL
HRTIM1.CompareUnit3-Output_TD1=__NULL
HRTIM1.CompareUnit4-Output_TD1=__NULL
HRTIM1.CompareValue1-Output_TD1=TIMD_PERIOD * TIMD_DUTY_CYCLE
HRTIM1.Configuration_TD=Waveform
HRTIM1.DACSynchro-Output_TD1=HRTIM_DACSYNC_NONE
HRTIM1.DeadTimeInsertion-Output_TD1=HRTIM_TIMDEADTIMEINSERTION_DISABLED
HRTIM1.DelayedProtectionMode-Output_TD1=HRTIM_TIMER_D_E_DELAYEDPROTECTION_DISABLED
HRTIM1.DualChannelDacEnableFake_TD-Output_TD1=HRTIM_TIMER_DCDE_DISABLED
HRTIM1.Enable=HRTIM_BURSTMODECTL_DISABLED
HRTIM1.Event1-Output_TD1=__NULL
HRTIM1.Event10-Output_TD1=__NULL
HRTIM1.Event2-Output_TD1=__NULL
HRTIM1.Event3-Output_TD1=__NULL
HRTIM1.Event4-Output_TD1=__NULL
HRTIM1.Event5-Output_TD1=__NULL
HRTIM1.Event6-Output_TD1=__NULL
HRTIM1.Event7-Output_TD1=__NULL
HRTIM1.Event8-Output_TD1=__NULL
HRTIM1.Event9-Output_TD1=__NULL
HRTIM1.EventEnableA-Output_TD1=__NULL
HRTIM1.Event_EEV1=__NULL
HRTIM1.Event_EEV10=__NULL
HRTIM1.Event_EEV2=__NULL
HRTIM1.Event_EEV3=__NULL
HRTIM1.Event_EEV4=__NULL
HRTIM1.Event_EEV5=__NULL
HRTIM1.Event_EEV6=__NULL
HRTIM1.Event_EEV7=__NULL
HRTIM1.Event_EEV8=__NULL
HRTIM1.Event_EEV9=__NULL
HRTIM1.FaultLevel1-Output_TD1=HRTIM_OUTPUTFAULTLEVEL_NONE
HRTIM1.FaultLock-Output_TD1=HRTIM_TIMFAULTLOCK_READWRITE
HRTIM1.Fault_Line1=__NULL
HRTIM1.Fault_Line2=__NULL
HRTIM1.Fault_Line3=__NULL
HRTIM1.Fault_Line4=__NULL
HRTIM1.Fault_Line5=__NULL
HRTIM1.Fault_Line6=__NULL
HRTIM1.GreaterCMP1_TD=HRTIM_TIMERGTCMP1_EQUAL
HRTIM1.HRTIMInterruptResquests1=HRTIM_IT_NONE
HRTIM1.HRTIMInterruptResquests2=HRTIM_IT_NONE
HRTIM1.HRTIMInterruptResquests3=HRTIM_IT_NONE
HRTIM1.HRTIMInterruptResquests4=HRTIM_IT_NONE
HRTIM1.HRTIMInterruptResquests5=HRTIM_IT_NONE
HRTIM1.HRTIMInterruptResquests6=HRTIM_IT_NONE
HRTIM1.HRTIMInterruptResquests7=HRTIM_IT_NONE
HRTIM1.HRTIMInterruptResquests8=HRTIM_IT_NONE
HRTIM1.HRTIMInterruptResquests9=HRTIM_IT_NONE
HRTIM1.IPParameters=HRTIMInterruptResquests1,HRTIMInterruptResquests2,HRTIMInterruptResquests3,HRTIMInterruptResquests4,HRTIMInterruptResquests5,HRTIMInterruptResquests6,HRTIMInterruptResquests7,HRTIMInterruptResquests8,HRTIMInterruptResquests9,SyncOptions,Event_EEV1,Event_EEV2,Event_EEV3,Event_EEV4,Event_EEV5,Event_EEV6,Event_EEV7,Event_EEV8,Event_EEV9,Event_EEV10,Fault_Line1,Fault_Line2,Fault_Line3,Fault_Line4,Fault_Line5,Fault_Line6,ADCTrigger_Id1,ADCTrigger_Id2,ADCTrigger_Id3,ADCTrigger_Id4,ADCTrigger_Id5,ADCTrigger_Id6,ADCTrigger_Id7,ADCTrigger_Id8,ADCTrigger_Id9,ADCTrigger_Id10,Enable,TimerIdx-Output_TD1,Configuration_TD,Periode_TD,UpDownMode-Output_TD1,ModeTimeBase-Output_TD1,InterleavedMode-Output_TD1,StartOnSync-Output_TD1,ResetOnSync-Output_TD1,DACSynchro-Output_TD1,PreloadEnable-Output_TD1,UpdateGating-Output_TD1,RepetitionUpdate-Output_TD1,BurstMode-Output_TD1,PushPull-Output_TD1,NumberFaultEnable-Output_TD1,FaultLock-Output_TD1,DeadTimeInsertion-Output_TD1,DelayedProtectionMode-Output_TD1,NumberUpdateTrigger-Output_TD1,ResetUpdate-Output_TD1,ReSyncUpdate-Output_TD1,NumberResetTrigger-Output_TD1,NumberInterruptRequests-Output_TD1,NumberDMARequests_TD,CompareUnit1-Output_TD1,CompareValue1-Output_TD1,GreaterCMP1_TD,CompareUnit2-Output_TD1,CompareUnit3-Output_TD1,CompareUnit4-Output_TD1,CaptureUnit1-Output_TD1,CaptureUnit2-Output_TD1,Event1-Output_TD1,Event2-Output_TD1,Event3-Output_TD1,Event4-Output_TD1,Event5-Output_TD1,Event6-Output_TD1,Event7-Output_TD1,Event8-Output_TD1,Event9-Output_TD1,Event10-Output_TD1,EventEnableA-Output_TD1,BurstDMAconfig-Output_TD1,Output1-Output_TD1,Polarity1-Output_TD1,NumberSetSource1-Output_TD1,SetOutput1_Source1-Output_TD1,NumberResetSource1-Output_TD1,ResetOutput1_Source1-Output_TD1,IdleMode1-Output_TD1,IdleLevel1-Output_TD1,FaultLevel1-Output_TD1,ChopperModeEnable1-Output_TD1,BurstModeEntryDelayed1-Output_TD1,ChopperModeconfig-Output_TD1,DualChannelDacEnableFake_TD-Output_TD1
HRTIM1.IPParametersWithoutCheck=Periode_TD,CompareValue1-Output_TD1
HRTIM1.IdleLevel1-Output_TD1=HRTIM_OUTPUTIDLELEVEL_INACTIVE
HRTIM1.IdleMode1-Output_TD1=HRTIM_OUTPUTIDLEMODE_NONE
HRTIM1.InterleavedMode-Output_TD1=HRTIM_INTERLEAVED_MODE_DISABLED
HRTIM1.ModeTimeBase-Output_TD1=HRTIM_MODE_CONTINUOUS
HRTIM1.NumberDMARequests_TD=0
HRTIM1.NumberFaultEnable-Output_TD1=0
HRTIM1.NumberInterruptRequests-Output_TD1=0
HRTIM1.NumberResetSource1-Output_TD1=1
HRTIM1.NumberResetTrigger-Output_TD1=0
HRTIM1.NumberSetSource1-Output_TD1=1
HRTIM1.NumberUpdateTrigger-Output_TD1=0
HRTIM1.Output1-Output_TD1=HRTIM_OUTPUT_TD1
HRTIM1.Periode_TD=TIMD_PERIOD
HRTIM1.Polarity1-Output_TD1=HRTIM_OUTPUTPOLARITY_HIGH
HRTIM1.PreloadEnable-Output_TD1=HRTIM_PRELOAD_DISABLED
HRTIM1.PushPull-Output_TD1=HRTIM_TIMPUSHPULLMODE_DISABLED
HRTIM1.ReSyncUpdate-Output_TD1=HRTIM_TIMERESYNC_UPDATE_UNCONDITIONAL
HRTIM1.RepetitionUpdate-Output_TD1=HRTIM_UPDATEONREPETITION_DISABLED
HRTIM1.ResetOnSync-Output_TD1=HRTIM_SYNCRESET_DISABLED
HRTIM1.ResetOutput1_Source1-Output_TD1=HRTIM_OUTPUTRESET_TIMCMP1
HRTIM1.ResetUpdate-Output_TD1=HRTIM_TIMUPDATEONRESET_DISABLED
HRTIM1.SetOutput1_Source1-Output_TD1=HRTIM_OUTPUTSET_TIMPER
HRTIM1.StartOnSync-Output_TD1=HRTIM_SYNCSTART_DISABLED
HRTIM1.SyncOptions=HRTIM_SYNCOPTION_NONE
HRTIM1.TimerIdx-Output_TD1=HRTIM_TIMERINDEX_TIMER_D
HRTIM1.UpDownMode-Output_TD1=HRTIM_TIMERUPDOWNMODE_UP
HRTIM1.UpdateGating-Output_TD1=HRTIM_UPDATEGATING_INDEPENDENT
KeepUserPlacement=true
Mcu.CPN=STM32G474RET3
Mcu.Family=STM32G4
Mcu.IP0=HRTIM1
Mcu.IP1=NVIC
Mcu.IP2=RCC
Mcu.IP3=SYS
Mcu.IPNb=4
Mcu.Name=STM32G474R(B-C-E)Tx
Mcu.Package=LQFP64
Mcu.Pin0=PC13
Mcu.Pin1=PC14-OSC32_IN
Mcu.Pin10=PA14
Mcu.Pin11=PB3
Mcu.Pin12=VP_SYS_VS_Systick
Mcu.Pin13=VP_SYS_VS_DBSignals
Mcu.Pin2=PC15-OSC32_OUT
Mcu.Pin3=PF0-OSC_IN
Mcu.Pin4=PF1-OSC_OUT
Mcu.Pin5=PA5
Mcu.Pin6=PC4
Mcu.Pin7=PC5
Mcu.Pin8=PB14
Mcu.Pin9=PA13
Mcu.PinsNb=14
Mcu.ThirdPartyNb=0
Mcu.UserConstants=HRTIM_INPUT_CLOCK,170000000;TIMD_PWM_FREQ,100000;TIMD_DUTY_CYCLE,0.5
Mcu.UserName=STM32G474RETx
MxCube.Version=6.10.0
MxDb.Version=DB.6.0.100
NVIC.BusFault_IRQn=true\:0\:0\:false\:false\:true\:false\:false\:false
NVIC.DebugMonitor_IRQn=true\:0\:0\:false\:false\:true\:false\:false\:false
NVIC.EXTI15_10_IRQn=true\:0\:0\:false\:false\:true\:true\:true\:true
NVIC.ForceEnableDMAVector=true
NVIC.HardFault_IRQn=true\:0\:0\:false\:false\:true\:false\:false\:false
NVIC.MemoryManagement_IRQn=true\:0\:0\:false\:false\:true\:false\:false\:false
NVIC.NonMaskableInt_IRQn=true\:0\:0\:false\:false\:true\:false\:false\:false
NVIC.PendSV_IRQn=true\:0\:0\:false\:false\:true\:false\:false\:false
NVIC.PriorityGroup=NVIC_PRIORITYGROUP_4
NVIC.SVCall_IRQn=true\:0\:0\:false\:false\:true\:false\:false\:false
NVIC.SysTick_IRQn=true\:0\:0\:false\:false\:true\:false\:true\:false
NVIC.UsageFault_IRQn=true\:0\:0\:false\:false\:true\:false\:false\:false
PA13.Locked=true
PA13.Mode=Serial_Wire
PA13.Signal=SYS_JTMS-SWDIO
PA14.Locked=true
PA14.Mode=Serial_Wire
PA14.Signal=SYS_JTCK-SWCLK
PA5.GPIOParameters=GPIO_Label
PA5.GPIO_Label=LD2 [green led]
PA5.Locked=true
PA5.Signal=GPIO_Output
PB14.Mode=Output_TD1
PB14.Signal=HRTIM1_CHD1
PB3.Locked=true
PB3.Signal=SYS_JTDO-SWO
PC13.GPIOParameters=GPIO_PuPd,GPIO_ModeDefaultEXTI
PC13.GPIO_ModeDefaultEXTI=GPIO_MODE_IT_RISING
PC13.GPIO_PuPd=GPIO_NOPULL
PC13.Locked=true
PC13.Signal=GPXTI13
PC14-OSC32_IN.Locked=true
PC14-OSC32_IN.Signal=RCC_OSC32_IN
PC15-OSC32_OUT.Locked=true
PC15-OSC32_OUT.Signal=RCC_OSC32_OUT
PC4.GPIOParameters=GPIO_ModeDefaultPP,GPIO_Speed,GPIO_PuPd
PC4.GPIO_ModeDefaultPP=GPIO_MODE_AF_PP
PC4.GPIO_PuPd=GPIO_NOPULL
PC4.GPIO_Speed=GPIO_SPEED_FREQ_LOW
PC4.Locked=true
PC4.Signal=USART1_TX
PC5.GPIOParameters=GPIO_ModeDefaultPP,GPIO_Speed,GPIO_PuPd
PC5.GPIO_ModeDefaultPP=GPIO_MODE_AF_PP
PC5.GPIO_PuPd=GPIO_NOPULL
PC5.GPIO_Speed=GPIO_SPEED_FREQ_LOW
PC5.Locked=true
PC5.Signal=USART1_RX
PF0-OSC_IN.Mode=HSE-External-Oscillator
PF0-OSC_IN.Signal=RCC_OSC_IN
PF1-OSC_OUT.Mode=HSE-External-Oscillator
PF1-OSC_OUT.Signal=RCC_OSC_OUT
PinOutPanel.RotationAngle=0
ProjectManager.AskForMigrate=true
ProjectManager.BackupPrevious=false
ProjectManager.CompilerOptimize=6
ProjectManager.ComputerToolchain=false
ProjectManager.CoupleFile=false
ProjectManager.DeletePrevious=true
ProjectManager.DeviceId=STM32G474RETx
ProjectManager.FreePins=false
ProjectManager.HalAssertFull=false
ProjectManager.HeapSize=0x200
ProjectManager.KeepUserCode=true
ProjectManager.LastFirmware=true
ProjectManager.LibraryCopy=2
ProjectManager.MainLocation=Src
ProjectManager.NoMain=false
ProjectManager.PreviousToolchain=
ProjectManager.ProjectBuild=false
ProjectManager.ProjectFileName=HRTIM_Basic_SinglePWM.ioc
ProjectManager.ProjectName=HRTIM_Basic_SinglePWM
ProjectManager.ProjectStructure=
ProjectManager.RegisterCallBack=
ProjectManager.StackSize=0x400
ProjectManager.TargetToolchain=EWARM V8.32
ProjectManager.ToolChainLocation=
ProjectManager.UAScriptAfterPath=
ProjectManager.UAScriptBeforePath=
ProjectManager.UnderRoot=false
ProjectManager.functionlistsort=1-MX_GPIO_Init-GPIO-false-HAL-true,2-SystemClock_Config-RCC-false-HAL-false,3-MX_HRTIM1_Init-HRTIM1-false-HAL-true
RCC.ADC12Freq_Value=170000000
RCC.ADC345Freq_Value=170000000
RCC.AHBFreq_Value=170000000
RCC.APB1Freq_Value=170000000
RCC.APB1TimFreq_Value=170000000
RCC.APB2Freq_Value=170000000
RCC.APB2TimFreq_Value=170000000
RCC.CRSFreq_Value=48000000
RCC.CortexFreq_Value=170000000
RCC.EXTERNAL_CLOCK_VALUE=12288000
RCC.FCLKCortexFreq_Value=170000000
RCC.FDCANFreq_Value=170000000
RCC.FamilyName=M
RCC.HCLKFreq_Value=170000000
RCC.HRTIM1Freq_Value=170000000
RCC.HSE_VALUE=24000000
RCC.HSI48_VALUE=48000000
RCC.HSI_VALUE=16000000
RCC.I2C1Freq_Value=170000000
RCC.I2C2Freq_Value=170000000
RCC.I2C3Freq_Value=170000000
RCC.I2C4Freq_Value=170000000
RCC.I2SFreq_Value=170000000
RCC.IPParameters=ADC12Freq_Value,ADC345Freq_Value,AHBFreq_Value,APB1Freq_Value,APB1TimFreq_Value,APB2Freq_Value,APB2TimFreq_Value,CRSFreq_Value,CortexFreq_Value,EXTERNAL_CLOCK_VALUE,FCLKCortexFreq_Value,FDCANFreq_Value,FamilyName,HCLKFreq_Value,HRTIM1Freq_Value,HSE_VALUE,HSI48_VALUE,HSI_VALUE,I2C1Freq_Value,I2C2Freq_Value,I2C3Freq_Value,I2C4Freq_Value,I2SFreq_Value,LPTIM1Freq_Value,LPUART1Freq_Value,LSCOPinFreq_Value,LSE_VALUE,LSI_VALUE,MCO1PinFreq_Value,PLLM,PLLN,PLLPoutputFreq_Value,PLLQoutputFreq_Value,PLLRCLKFreq_Value,PLLSourceVirtual,PWRFreq_Value,QSPIFreq_Value,RNGFreq_Value,SAI1Freq_Value,SYSCLKFreq_VALUE,SYSCLKSource,UART4Freq_Value,UART5Freq_Value,USART1Freq_Value,USART2Freq_Value,USART3Freq_Value,USBFreq_Value,VCOInputFreq_Value,VCOOutputFreq_Value
RCC.LPTIM1Freq_Value=170000000
RCC.LPUART1Freq_Value=170000000
RCC.LSCOPinFreq_Value=32000
RCC.LSE_VALUE=32768
RCC.LSI_VALUE=32000
RCC.MCO1PinFreq_Value=16000000
RCC.PLLM=RCC_PLLM_DIV6
RCC.PLLN=85
RCC.PLLPoutputFreq_Value=170000000
RCC.PLLQoutputFreq_Value=170000000
RCC.PLLRCLKFreq_Value=170000000
RCC.PLLSourceVirtual=RCC_PLLSOURCE_HSE
RCC.PWRFreq_Value=170000000
RCC.QSPIFreq_Value=170000000
RCC.RNGFreq_Value=170000000
RCC.SAI1Freq_Value=170000000
RCC.SYSCLKFreq_VALUE=170000000
RCC.SYSCLKSource=RCC_SYSCLKSOURCE_PLLCLK
RCC.UART4Freq_Value=170000000
RCC.UART5Freq_Value=170000000
RCC.USART1Freq_Value=170000000
RCC.USART2Freq_Value=170000000
RCC.USART3Freq_Value=170000000
RCC.USBFreq_Value=170000000
RCC.VCOInputFreq_Value=4000000
RCC.VCOOutputFreq_Value=340000000
SH.GPXTI13.0=GPIO_EXTI13
SH.GPXTI13.ConfNb=1
VP_SYS_VS_DBSignals.Mode=DisableDeadBatterySignals
VP_SYS_VS_DBSignals.Signal=SYS_VS_DBSignals
VP_SYS_VS_Systick.Mode=SysTick
VP_SYS_VS_Systick.Signal=SYS_VS_Systick
board=custom
boardIOC=true
ProjectManager.Example=HRTIM_Basic_SinglePWM
ProjectManager.ExampleSource=CubeFw
